// !$*UTF8*$!
{
	archiveVersion = 1;
	classes = {
	};
	objectVersion = 51;
	objects = {

/* Begin PBXBuildFile section */
		123A1FE502473573A73ACDA8 /* Pods_EventTest_TextEditingDemo.framework in Frameworks */ = {isa = PBXBuildFile; fileRef = 01D643308A4905FEB340F343 /* Pods_EventTest_TextEditingDemo.framework */; };
		1802B74F25A57E56000320E1 /* DefaultAnimator.swift in Sources */ = {isa = PBXBuildFile; fileRef = 1802B74E25A57E56000320E1 /* DefaultAnimator.swift */; };
		180B6E6F257F7D5F00CC03BB /* AlamofireTest.swift in Sources */ = {isa = PBXBuildFile; fileRef = 180B6DFB257F7D5F00CC03BB /* AlamofireTest.swift */; };
		180B6E72257F7D5F00CC03BB /* ViewController.swift in Sources */ = {isa = PBXBuildFile; fileRef = 180B6DFF257F7D5F00CC03BB /* ViewController.swift */; };
		180B6E73257F7D5F00CC03BB /* ScrollViewTest.swift in Sources */ = {isa = PBXBuildFile; fileRef = 180B6E01257F7D5F00CC03BB /* ScrollViewTest.swift */; };
		180B6E74257F7D5F00CC03BB /* ThreadSafeTest.swift in Sources */ = {isa = PBXBuildFile; fileRef = 180B6E03257F7D5F00CC03BB /* ThreadSafeTest.swift */; };
		180B6E76257F7D5F00CC03BB /* Assets.xcassets in Resources */ = {isa = PBXBuildFile; fileRef = 180B6E05257F7D5F00CC03BB /* Assets.xcassets */; };
		180B6E77257F7D5F00CC03BB /* InitializerTest.swift in Sources */ = {isa = PBXBuildFile; fileRef = 180B6E07257F7D5F00CC03BB /* InitializerTest.swift */; };
		180B6E78257F7D5F00CC03BB /* SearchDivied.swift in Sources */ = {isa = PBXBuildFile; fileRef = 180B6E08257F7D5F00CC03BB /* SearchDivied.swift */; };
		180B6E79257F7D5F00CC03BB /* InitTest.swift in Sources */ = {isa = PBXBuildFile; fileRef = 180B6E09257F7D5F00CC03BB /* InitTest.swift */; };
		180B6EC6257F7D5F00CC03BB /* LaunchScreen.storyboard in Resources */ = {isa = PBXBuildFile; fileRef = 180B6E5B257F7D5F00CC03BB /* LaunchScreen.storyboard */; };
		180B6EC7257F7D5F00CC03BB /* Main.storyboard in Resources */ = {isa = PBXBuildFile; fileRef = 180B6E5D257F7D5F00CC03BB /* Main.storyboard */; };
		180B6EC8257F7D5F00CC03BB /* Swift100Tips.swift in Sources */ = {isa = PBXBuildFile; fileRef = 180B6E61257F7D5F00CC03BB /* Swift100Tips.swift */; };
		180B6EC9257F7D5F00CC03BB /* RxChangeUIStateVC.swift in Sources */ = {isa = PBXBuildFile; fileRef = 180B6E62257F7D5F00CC03BB /* RxChangeUIStateVC.swift */; };
		180B6ECA257F7D5F00CC03BB /* CLLocationManager+Rx.swift in Sources */ = {isa = PBXBuildFile; fileRef = 180B6E63257F7D5F00CC03BB /* CLLocationManager+Rx.swift */; };
		180B6ECB257F7D5F00CC03BB /* RxSwiftLearning.swift in Sources */ = {isa = PBXBuildFile; fileRef = 180B6E64257F7D5F00CC03BB /* RxSwiftLearning.swift */; };
		180B6ECC257F7D5F00CC03BB /* MKMapView+Rx.swift in Sources */ = {isa = PBXBuildFile; fileRef = 180B6E65257F7D5F00CC03BB /* MKMapView+Rx.swift */; };
		180B6ECD257F7D5F00CC03BB /* Weathear.swift in Sources */ = {isa = PBXBuildFile; fileRef = 180B6E66257F7D5F00CC03BB /* Weathear.swift */; };
		180B6ECE257F7D5F00CC03BB /* EONET.swift in Sources */ = {isa = PBXBuildFile; fileRef = 180B6E67257F7D5F00CC03BB /* EONET.swift */; };
		180B6ECF257F7D5F00CC03BB /* SwiftAdvance.swift in Sources */ = {isa = PBXBuildFile; fileRef = 180B6E69257F7D5F00CC03BB /* SwiftAdvance.swift */; };
		180B6ED0257F7D5F00CC03BB /* YLLongPressDisplayView.swift in Sources */ = {isa = PBXBuildFile; fileRef = 180B6E6B257F7D5F00CC03BB /* YLLongPressDisplayView.swift */; };
		180B6ED1257F7D5F00CC03BB /* AppDelegate.swift in Sources */ = {isa = PBXBuildFile; fileRef = 180B6E6C257F7D5F00CC03BB /* AppDelegate.swift */; };
		180B6ED3257F7D5F00CC03BB /* SceneDelegate.swift in Sources */ = {isa = PBXBuildFile; fileRef = 180B6E6E257F7D5F00CC03BB /* SceneDelegate.swift */; };
		180C41B325C1620500E07625 /* EvaluateExpressionParser.swift in Sources */ = {isa = PBXBuildFile; fileRef = 180C41B225C1620500E07625 /* EvaluateExpressionParser.swift */; };
		180D78F72702F5B9000B2C14 /* Network2Client.swift in Sources */ = {isa = PBXBuildFile; fileRef = 180D78F32702F5B9000B2C14 /* Network2Client.swift */; };
		180D78F82702F5B9000B2C14 /* ModelCodable.swift in Sources */ = {isa = PBXBuildFile; fileRef = 180D78F42702F5B9000B2C14 /* ModelCodable.swift */; };
		180D78FA2702F5B9000B2C14 /* Network2Protocols.swift in Sources */ = {isa = PBXBuildFile; fileRef = 180D78F62702F5B9000B2C14 /* Network2Protocols.swift */; };
		180D78FC2702FC49000B2C14 /* LoginRequest.swift in Sources */ = {isa = PBXBuildFile; fileRef = 180D78FB2702FC49000B2C14 /* LoginRequest.swift */; };
		180D78FE27030340000B2C14 /* UserInfoRequest.swift in Sources */ = {isa = PBXBuildFile; fileRef = 180D78FD27030340000B2C14 /* UserInfoRequest.swift */; };
		180F440825AEDA500035ADD1 /* AsyncRender.swift in Sources */ = {isa = PBXBuildFile; fileRef = 180F440725AEDA500035ADD1 /* AsyncRender.swift */; };
		181791DB259C6C45009BA40A /* NestedScrollDemoVC.swift in Sources */ = {isa = PBXBuildFile; fileRef = 181791DA259C6C45009BA40A /* NestedScrollDemoVC.swift */; };
		1819156025E638EC0040736A /* PropertyWrapper.swift in Sources */ = {isa = PBXBuildFile; fileRef = 1819155F25E638EC0040736A /* PropertyWrapper.swift */; };
		181D5637271FAF9700CF75A8 /* UIColor+Ex.swift in Sources */ = {isa = PBXBuildFile; fileRef = 181D5636271FAF9700CF75A8 /* UIColor+Ex.swift */; };
		181D563C271FB2B000CF75A8 /* RoundFadeDemoView.swift in Sources */ = {isa = PBXBuildFile; fileRef = 181D563B271FB2B000CF75A8 /* RoundFadeDemoView.swift */; };
		181D563E271FE53F00CF75A8 /* CALayer+Animation.swift in Sources */ = {isa = PBXBuildFile; fileRef = 181D563D271FE53F00CF75A8 /* CALayer+Animation.swift */; };
		181D5640271FEC7F00CF75A8 /* LoadAnimDemoView.swift in Sources */ = {isa = PBXBuildFile; fileRef = 181D563F271FEC7F00CF75A8 /* LoadAnimDemoView.swift */; };
		1821031B2721341A00B3C1E5 /* CheckMarkAnimDemoView.swift in Sources */ = {isa = PBXBuildFile; fileRef = 1821031A2721341A00B3C1E5 /* CheckMarkAnimDemoView.swift */; };
		1821031D2721401200B3C1E5 /* MaskFadeAnimationDemoView.swift in Sources */ = {isa = PBXBuildFile; fileRef = 1821031C2721401200B3C1E5 /* MaskFadeAnimationDemoView.swift */; };
		1823888C25F8983A00D78CC7 /* URLConvertible.swift in Sources */ = {isa = PBXBuildFile; fileRef = 1823888B25F8983A00D78CC7 /* URLConvertible.swift */; };
		1823889125F8A14500D78CC7 /* UIViewControllerType.swift in Sources */ = {isa = PBXBuildFile; fileRef = 1823889025F8A14500D78CC7 /* UIViewControllerType.swift */; };
		1823889625F8A1FE00D78CC7 /* NavigatorProtocol.swift in Sources */ = {isa = PBXBuildFile; fileRef = 1823889525F8A1FE00D78CC7 /* NavigatorProtocol.swift */; };
		1823889B25F8A5EB00D78CC7 /* Navigator.swift in Sources */ = {isa = PBXBuildFile; fileRef = 1823889A25F8A5EB00D78CC7 /* Navigator.swift */; };
		182388A025F8A69500D78CC7 /* URLMatcher.swift in Sources */ = {isa = PBXBuildFile; fileRef = 1823889F25F8A69500D78CC7 /* URLMatcher.swift */; };
		182388A525F8B24F00D78CC7 /* URLPathComponent.swift in Sources */ = {isa = PBXBuildFile; fileRef = 182388A425F8B24F00D78CC7 /* URLPathComponent.swift */; };
		1823E0B927194D4C00F2ADCB /* AppDelegate.swift in Sources */ = {isa = PBXBuildFile; fileRef = 1823E0B827194D4C00F2ADCB /* AppDelegate.swift */; };
		1823E0BB27194D4C00F2ADCB /* SceneDelegate.swift in Sources */ = {isa = PBXBuildFile; fileRef = 1823E0BA27194D4C00F2ADCB /* SceneDelegate.swift */; };
		1823E0BD27194D4C00F2ADCB /* ViewController.swift in Sources */ = {isa = PBXBuildFile; fileRef = 1823E0BC27194D4C00F2ADCB /* ViewController.swift */; };
		1823E0C027194D4C00F2ADCB /* Main.storyboard in Resources */ = {isa = PBXBuildFile; fileRef = 1823E0BE27194D4C00F2ADCB /* Main.storyboard */; };
		1823E0C227194D4E00F2ADCB /* Assets.xcassets in Resources */ = {isa = PBXBuildFile; fileRef = 1823E0C127194D4E00F2ADCB /* Assets.xcassets */; };
		1823E0C527194D4E00F2ADCB /* LaunchScreen.storyboard in Resources */ = {isa = PBXBuildFile; fileRef = 1823E0C327194D4E00F2ADCB /* LaunchScreen.storyboard */; };
		182534F325C9202800449A91 /* TelInputTest.swift in Sources */ = {isa = PBXBuildFile; fileRef = 182534F225C9202800449A91 /* TelInputTest.swift */; };
		182534FB25C93B3400449A91 /* README.md in Resources */ = {isa = PBXBuildFile; fileRef = 182534FA25C93B3400449A91 /* README.md */; };
		1825862127210AD600140784 /* LovingHeartAnimDemoView.swift in Sources */ = {isa = PBXBuildFile; fileRef = 1825862027210AD600140784 /* LovingHeartAnimDemoView.swift */; };
		1826357F25E4F78500BDE1D0 /* KeyValue.swift in Sources */ = {isa = PBXBuildFile; fileRef = 1826357E25E4F78500BDE1D0 /* KeyValue.swift */; };
		182815E8275DD872009878E2 /* InJectionHelper.swift in Sources */ = {isa = PBXBuildFile; fileRef = 182815E7275DD872009878E2 /* InJectionHelper.swift */; };
		182BEE3F271D3F0A0082120E /* Test.swift in Sources */ = {isa = PBXBuildFile; fileRef = 182BEE3E271D3F0A0082120E /* Test.swift */; };
		182C9D5925C009E600020E1C /* MemoryCacheManager.swift in Sources */ = {isa = PBXBuildFile; fileRef = 182C9D5825C009E600020E1C /* MemoryCacheManager.swift */; };
		1834C11E272689C400F16160 /* MaskShapeDemoView.swift in Sources */ = {isa = PBXBuildFile; fileRef = 1834C11D272689C400F16160 /* MaskShapeDemoView.swift */; };
		1841D1D7272007E800FBE743 /* ShapeAndLoadAnimDemoView.swift in Sources */ = {isa = PBXBuildFile; fileRef = 1841D1D6272007E800FBE743 /* ShapeAndLoadAnimDemoView.swift */; };
		1868BD7525DF877F00D4E832 /* ImageDrawUtiles.swift in Sources */ = {isa = PBXBuildFile; fileRef = 1868BD7425DF877F00D4E832 /* ImageDrawUtiles.swift */; };
		1869E98B277BFBDB00DCB738 /* ConstrantLayoutDemoView.swift in Sources */ = {isa = PBXBuildFile; fileRef = 1869E98A277BFBDB00DCB738 /* ConstrantLayoutDemoView.swift */; };
		1869E98D277C513E00DCB738 /* ConstrantLayoutDemoView2.swift in Sources */ = {isa = PBXBuildFile; fileRef = 1869E98C277C513E00DCB738 /* ConstrantLayoutDemoView2.swift */; };
		1870190E271E90B20008B9A0 /* AppDelegate.swift in Sources */ = {isa = PBXBuildFile; fileRef = 1870190D271E90B20008B9A0 /* AppDelegate.swift */; };
		18701910271E90B20008B9A0 /* SceneDelegate.swift in Sources */ = {isa = PBXBuildFile; fileRef = 1870190F271E90B20008B9A0 /* SceneDelegate.swift */; };
		18701912271E90B20008B9A0 /* ViewController.swift in Sources */ = {isa = PBXBuildFile; fileRef = 18701911271E90B20008B9A0 /* ViewController.swift */; };
		18701915271E90B20008B9A0 /* Main.storyboard in Resources */ = {isa = PBXBuildFile; fileRef = 18701913271E90B20008B9A0 /* Main.storyboard */; };
		18701917271E90B30008B9A0 /* Assets.xcassets in Resources */ = {isa = PBXBuildFile; fileRef = 18701916271E90B30008B9A0 /* Assets.xcassets */; };
		1870191A271E90B30008B9A0 /* LaunchScreen.storyboard in Resources */ = {isa = PBXBuildFile; fileRef = 18701918271E90B30008B9A0 /* LaunchScreen.storyboard */; };
		18701920271E914A0008B9A0 /* ChangePositionAndOpacityDemoView.swift in Sources */ = {isa = PBXBuildFile; fileRef = 1870191F271E914A0008B9A0 /* ChangePositionAndOpacityDemoView.swift */; };
		18701922271EA6730008B9A0 /* AnimationDelegate.swift in Sources */ = {isa = PBXBuildFile; fileRef = 18701921271EA6730008B9A0 /* AnimationDelegate.swift */; };
		18701924271EB2710008B9A0 /* AnimationKeyPath.swift in Sources */ = {isa = PBXBuildFile; fileRef = 18701923271EB2710008B9A0 /* AnimationKeyPath.swift */; };
		187AF09B25C3D86400EF949D /* SafeTimer.swift in Sources */ = {isa = PBXBuildFile; fileRef = 187AF09725C3D86400EF949D /* SafeTimer.swift */; };
		187AF09C25C3D86400EF949D /* PeriodicExecution.swift in Sources */ = {isa = PBXBuildFile; fileRef = 187AF09825C3D86400EF949D /* PeriodicExecution.swift */; };
		187AF09D25C3D86400EF949D /* MainThreadStuckMonitor.swift in Sources */ = {isa = PBXBuildFile; fileRef = 187AF09925C3D86400EF949D /* MainThreadStuckMonitor.swift */; };
		187AF09E25C3D86400EF949D /* RunloopMonitor .swift in Sources */ = {isa = PBXBuildFile; fileRef = 187AF09A25C3D86400EF949D /* RunloopMonitor .swift */; };
		187AF0A325C3D88500EF949D /* SecondCountDowner.swift in Sources */ = {isa = PBXBuildFile; fileRef = 187AF0A225C3D88500EF949D /* SecondCountDowner.swift */; };
		187AF0AC25C3DCA600EF949D /* PerfectLock.swift in Sources */ = {isa = PBXBuildFile; fileRef = 187AF0AB25C3DCA600EF949D /* PerfectLock.swift */; };
		1880CBF727B0B4EF00845499 /* WuFuAnimationDemoView.swift in Sources */ = {isa = PBXBuildFile; fileRef = 1880CBF627B0B4EF00845499 /* WuFuAnimationDemoView.swift */; };
		1884FA5327463E3100DF684D /* AppDelegate.swift in Sources */ = {isa = PBXBuildFile; fileRef = 1884FA5227463E3100DF684D /* AppDelegate.swift */; };
		1884FA5527463E3100DF684D /* SceneDelegate.swift in Sources */ = {isa = PBXBuildFile; fileRef = 1884FA5427463E3100DF684D /* SceneDelegate.swift */; };
		1884FA5727463E3100DF684D /* ViewController.swift in Sources */ = {isa = PBXBuildFile; fileRef = 1884FA5627463E3100DF684D /* ViewController.swift */; };
		1884FA5A27463E3100DF684D /* Main.storyboard in Resources */ = {isa = PBXBuildFile; fileRef = 1884FA5827463E3100DF684D /* Main.storyboard */; };
		1884FA5C27463E3300DF684D /* Assets.xcassets in Resources */ = {isa = PBXBuildFile; fileRef = 1884FA5B27463E3300DF684D /* Assets.xcassets */; };
		1884FA5F27463E3300DF684D /* LaunchScreen.storyboard in Resources */ = {isa = PBXBuildFile; fileRef = 1884FA5D27463E3300DF684D /* LaunchScreen.storyboard */; };
		1884FA652746414200DF684D /* girl.jpeg in Resources */ = {isa = PBXBuildFile; fileRef = 1884FA642746414200DF684D /* girl.jpeg */; };
		189E48F32726998000C4F31B /* SILTest.swift in Sources */ = {isa = PBXBuildFile; fileRef = 189E48F22726998000C4F31B /* SILTest.swift */; };
		18B0AACA25B7FEA000041BD3 /* SDWebImageCodeAnalyse.swift in Sources */ = {isa = PBXBuildFile; fileRef = 18B0AAC925B7FEA000041BD3 /* SDWebImageCodeAnalyse.swift */; };
		18B20B9825CD28B500B624FE /* bigImage.png in Resources */ = {isa = PBXBuildFile; fileRef = 18B20B9725CD28B500B624FE /* bigImage.png */; };
		18B20B9D25CD28CA00B624FE /* ImageDrawTest.swift in Sources */ = {isa = PBXBuildFile; fileRef = 18B20B9C25CD28CA00B624FE /* ImageDrawTest.swift */; };
		18C59F0525A2E661001374DA /* UIViewController+CustomPresentation.swift in Sources */ = {isa = PBXBuildFile; fileRef = 18C59EF225A2E661001374DA /* UIViewController+CustomPresentation.swift */; };
		18C59F0725A2E661001374DA /* DefaultInteractiveController.swift in Sources */ = {isa = PBXBuildFile; fileRef = 18C59EF525A2E661001374DA /* DefaultInteractiveController.swift */; };
		18C59F0825A2E661001374DA /* DefaultPresentationController.swift in Sources */ = {isa = PBXBuildFile; fileRef = 18C59EF625A2E661001374DA /* DefaultPresentationController.swift */; };
		18C59F1025A2E661001374DA /* TrastionDelegate.swift in Sources */ = {isa = PBXBuildFile; fileRef = 18C59F0225A2E661001374DA /* TrastionDelegate.swift */; };
		18C59F1B25A2F471001374DA /* DissVC.swift in Sources */ = {isa = PBXBuildFile; fileRef = 18C59F1A25A2F471001374DA /* DissVC.swift */; };
		18DF52DB277D921D00D149B3 /* TEMPLATE.swift in Sources */ = {isa = PBXBuildFile; fileRef = 18DF52DA277D921D00D149B3 /* TEMPLATE.swift */; };
		18F5F58E2581C7F500C35490 /* WxShareDemoVC.swift in Sources */ = {isa = PBXBuildFile; fileRef = 18F5F58D2581C7F500C35490 /* WxShareDemoVC.swift */; };
		18F5F5A92581CA3600C35490 /* README.txt in Resources */ = {isa = PBXBuildFile; fileRef = 18F5F5A62581CA3600C35490 /* README.txt */; };
		18F5F5AA2581CA3600C35490 /* libWeChatSDK.a in Frameworks */ = {isa = PBXBuildFile; fileRef = 18F5F5A82581CA3600C35490 /* libWeChatSDK.a */; };
		18F5F5BA2581CF3C00C35490 /* WxApiManager.swift in Sources */ = {isa = PBXBuildFile; fileRef = 18F5F5B92581CF3C00C35490 /* WxApiManager.swift */; };
		18FECA7A258B41D80023CE70 /* Alogrithm.swift in Sources */ = {isa = PBXBuildFile; fileRef = 18FECA79258B41D80023CE70 /* Alogrithm.swift */; };
		3B2509C9AA693C5ACD539F4F /* Pods_EventTest_ImageBrowerDemo.framework in Frameworks */ = {isa = PBXBuildFile; fileRef = 520EA3D61A3042DB495C2143 /* Pods_EventTest_ImageBrowerDemo.framework */; };
		67C7FB9A27DC254617388B26 /* Pods_EventTest.framework in Frameworks */ = {isa = PBXBuildFile; fileRef = ABCBEAD5F37847D815D6E2E2 /* Pods_EventTest.framework */; };
		7FD15605717DBF89E021FD30 /* Pods_EventTest_AnimationDemo.framework in Frameworks */ = {isa = PBXBuildFile; fileRef = 6294F2AED151AFB1A2C59B0D /* Pods_EventTest_AnimationDemo.framework */; };
		DD8C6892FB6C8B2BB973BCAC /* Pods_EventTest.framework in Frameworks */ = {isa = PBXBuildFile; fileRef = 1801010F258064F400039345 /* Pods_EventTest.framework */; };
/* End PBXBuildFile section */

/* Begin PBXFileReference section */
		01D643308A4905FEB340F343 /* Pods_EventTest_TextEditingDemo.framework */ = {isa = PBXFileReference; explicitFileType = wrapper.framework; includeInIndex = 0; path = Pods_EventTest_TextEditingDemo.framework; sourceTree = BUILT_PRODUCTS_DIR; };
		17710710F81A2A4879A7F109 /* Pods_EventTest_EventTestUITests.framework */ = {isa = PBXFileReference; explicitFileType = wrapper.framework; includeInIndex = 0; path = Pods_EventTest_EventTestUITests.framework; sourceTree = BUILT_PRODUCTS_DIR; };
		17EB0110E4B3B257190932E3 /* Pods-EventTest.debug.xcconfig */ = {isa = PBXFileReference; includeInIndex = 1; lastKnownFileType = text.xcconfig; name = "Pods-EventTest.debug.xcconfig"; path = "Target Support Files/Pods-EventTest/Pods-EventTest.debug.xcconfig"; sourceTree = "<group>"; };
		1801010F258064F400039345 /* Pods_EventTest.framework */ = {isa = PBXFileReference; explicitFileType = wrapper.framework; path = Pods_EventTest.framework; sourceTree = BUILT_PRODUCTS_DIR; };
		1801110425B57C270014457E /* WXApi.h */ = {isa = PBXFileReference; fileEncoding = 4; lastKnownFileType = sourcecode.c.h; path = WXApi.h; sourceTree = "<group>"; };
		1802B74E25A57E56000320E1 /* DefaultAnimator.swift */ = {isa = PBXFileReference; lastKnownFileType = sourcecode.swift; path = DefaultAnimator.swift; sourceTree = "<group>"; };
		180B6DFB257F7D5F00CC03BB /* AlamofireTest.swift */ = {isa = PBXFileReference; fileEncoding = 4; lastKnownFileType = sourcecode.swift; path = AlamofireTest.swift; sourceTree = "<group>"; };
		180B6DFF257F7D5F00CC03BB /* ViewController.swift */ = {isa = PBXFileReference; fileEncoding = 4; lastKnownFileType = sourcecode.swift; path = ViewController.swift; sourceTree = "<group>"; };
		180B6E01257F7D5F00CC03BB /* ScrollViewTest.swift */ = {isa = PBXFileReference; fileEncoding = 4; lastKnownFileType = sourcecode.swift; path = ScrollViewTest.swift; sourceTree = "<group>"; };
		180B6E03257F7D5F00CC03BB /* ThreadSafeTest.swift */ = {isa = PBXFileReference; fileEncoding = 4; lastKnownFileType = sourcecode.swift; path = ThreadSafeTest.swift; sourceTree = "<group>"; };
		180B6E05257F7D5F00CC03BB /* Assets.xcassets */ = {isa = PBXFileReference; lastKnownFileType = folder.assetcatalog; path = Assets.xcassets; sourceTree = "<group>"; };
		180B6E07257F7D5F00CC03BB /* InitializerTest.swift */ = {isa = PBXFileReference; fileEncoding = 4; lastKnownFileType = sourcecode.swift; path = InitializerTest.swift; sourceTree = "<group>"; };
		180B6E08257F7D5F00CC03BB /* SearchDivied.swift */ = {isa = PBXFileReference; fileEncoding = 4; lastKnownFileType = sourcecode.swift; path = SearchDivied.swift; sourceTree = "<group>"; };
		180B6E09257F7D5F00CC03BB /* InitTest.swift */ = {isa = PBXFileReference; fileEncoding = 4; lastKnownFileType = sourcecode.swift; path = InitTest.swift; sourceTree = "<group>"; };
		180B6E5C257F7D5F00CC03BB /* Base */ = {isa = PBXFileReference; lastKnownFileType = file.storyboard; name = Base; path = Base.lproj/LaunchScreen.storyboard; sourceTree = "<group>"; };
		180B6E5E257F7D5F00CC03BB /* Base */ = {isa = PBXFileReference; lastKnownFileType = file.storyboard; name = Base; path = Base.lproj/Main.storyboard; sourceTree = "<group>"; };
		180B6E5F257F7D5F00CC03BB /* EventTest.entitlements */ = {isa = PBXFileReference; fileEncoding = 4; lastKnownFileType = text.plist.entitlements; path = EventTest.entitlements; sourceTree = "<group>"; };
		180B6E61257F7D5F00CC03BB /* Swift100Tips.swift */ = {isa = PBXFileReference; fileEncoding = 4; lastKnownFileType = sourcecode.swift; path = Swift100Tips.swift; sourceTree = "<group>"; };
		180B6E62257F7D5F00CC03BB /* RxChangeUIStateVC.swift */ = {isa = PBXFileReference; fileEncoding = 4; lastKnownFileType = sourcecode.swift; path = RxChangeUIStateVC.swift; sourceTree = "<group>"; };
		180B6E63257F7D5F00CC03BB /* CLLocationManager+Rx.swift */ = {isa = PBXFileReference; fileEncoding = 4; lastKnownFileType = sourcecode.swift; path = "CLLocationManager+Rx.swift"; sourceTree = "<group>"; };
		180B6E64257F7D5F00CC03BB /* RxSwiftLearning.swift */ = {isa = PBXFileReference; fileEncoding = 4; lastKnownFileType = sourcecode.swift; path = RxSwiftLearning.swift; sourceTree = "<group>"; };
		180B6E65257F7D5F00CC03BB /* MKMapView+Rx.swift */ = {isa = PBXFileReference; fileEncoding = 4; lastKnownFileType = sourcecode.swift; path = "MKMapView+Rx.swift"; sourceTree = "<group>"; };
		180B6E66257F7D5F00CC03BB /* Weathear.swift */ = {isa = PBXFileReference; fileEncoding = 4; lastKnownFileType = sourcecode.swift; path = Weathear.swift; sourceTree = "<group>"; };
		180B6E67257F7D5F00CC03BB /* EONET.swift */ = {isa = PBXFileReference; fileEncoding = 4; lastKnownFileType = sourcecode.swift; path = EONET.swift; sourceTree = "<group>"; };
		180B6E69257F7D5F00CC03BB /* SwiftAdvance.swift */ = {isa = PBXFileReference; fileEncoding = 4; lastKnownFileType = sourcecode.swift; path = SwiftAdvance.swift; sourceTree = "<group>"; };
		180B6E6B257F7D5F00CC03BB /* YLLongPressDisplayView.swift */ = {isa = PBXFileReference; fileEncoding = 4; lastKnownFileType = sourcecode.swift; path = YLLongPressDisplayView.swift; sourceTree = "<group>"; };
		180B6E6C257F7D5F00CC03BB /* AppDelegate.swift */ = {isa = PBXFileReference; fileEncoding = 4; lastKnownFileType = sourcecode.swift; path = AppDelegate.swift; sourceTree = "<group>"; };
		180B6E6D257F7D5F00CC03BB /* Info.plist */ = {isa = PBXFileReference; fileEncoding = 4; lastKnownFileType = text.plist.xml; path = Info.plist; sourceTree = "<group>"; };
		180B6E6E257F7D5F00CC03BB /* SceneDelegate.swift */ = {isa = PBXFileReference; fileEncoding = 4; lastKnownFileType = sourcecode.swift; path = SceneDelegate.swift; sourceTree = "<group>"; };
		180C41B225C1620500E07625 /* EvaluateExpressionParser.swift */ = {isa = PBXFileReference; lastKnownFileType = sourcecode.swift; path = EvaluateExpressionParser.swift; sourceTree = "<group>"; };
		180D78F32702F5B9000B2C14 /* Network2Client.swift */ = {isa = PBXFileReference; fileEncoding = 4; lastKnownFileType = sourcecode.swift; path = Network2Client.swift; sourceTree = "<group>"; };
		180D78F42702F5B9000B2C14 /* ModelCodable.swift */ = {isa = PBXFileReference; fileEncoding = 4; lastKnownFileType = sourcecode.swift; path = ModelCodable.swift; sourceTree = "<group>"; };
		180D78F62702F5B9000B2C14 /* Network2Protocols.swift */ = {isa = PBXFileReference; fileEncoding = 4; lastKnownFileType = sourcecode.swift; path = Network2Protocols.swift; sourceTree = "<group>"; };
		180D78FB2702FC49000B2C14 /* LoginRequest.swift */ = {isa = PBXFileReference; fileEncoding = 4; lastKnownFileType = sourcecode.swift; path = LoginRequest.swift; sourceTree = "<group>"; };
		180D78FD27030340000B2C14 /* UserInfoRequest.swift */ = {isa = PBXFileReference; fileEncoding = 4; lastKnownFileType = sourcecode.swift; path = UserInfoRequest.swift; sourceTree = "<group>"; };
		180F440725AEDA500035ADD1 /* AsyncRender.swift */ = {isa = PBXFileReference; lastKnownFileType = sourcecode.swift; path = AsyncRender.swift; sourceTree = "<group>"; };
		1813C1EF25073D7900BDC530 /* EventTest.app */ = {isa = PBXFileReference; explicitFileType = wrapper.application; includeInIndex = 0; path = EventTest.app; sourceTree = BUILT_PRODUCTS_DIR; };
		181791DA259C6C45009BA40A /* NestedScrollDemoVC.swift */ = {isa = PBXFileReference; lastKnownFileType = sourcecode.swift; path = NestedScrollDemoVC.swift; sourceTree = "<group>"; };
		1819155F25E638EC0040736A /* PropertyWrapper.swift */ = {isa = PBXFileReference; lastKnownFileType = sourcecode.swift; path = PropertyWrapper.swift; sourceTree = "<group>"; };
		181D5636271FAF9700CF75A8 /* UIColor+Ex.swift */ = {isa = PBXFileReference; lastKnownFileType = sourcecode.swift; path = "UIColor+Ex.swift"; sourceTree = "<group>"; };
		181D563B271FB2B000CF75A8 /* RoundFadeDemoView.swift */ = {isa = PBXFileReference; lastKnownFileType = sourcecode.swift; path = RoundFadeDemoView.swift; sourceTree = "<group>"; };
		181D563D271FE53F00CF75A8 /* CALayer+Animation.swift */ = {isa = PBXFileReference; lastKnownFileType = sourcecode.swift; path = "CALayer+Animation.swift"; sourceTree = "<group>"; };
		181D563F271FEC7F00CF75A8 /* LoadAnimDemoView.swift */ = {isa = PBXFileReference; lastKnownFileType = sourcecode.swift; path = LoadAnimDemoView.swift; sourceTree = "<group>"; };
		1821031A2721341A00B3C1E5 /* CheckMarkAnimDemoView.swift */ = {isa = PBXFileReference; lastKnownFileType = sourcecode.swift; path = CheckMarkAnimDemoView.swift; sourceTree = "<group>"; };
		1821031C2721401200B3C1E5 /* MaskFadeAnimationDemoView.swift */ = {isa = PBXFileReference; lastKnownFileType = sourcecode.swift; path = MaskFadeAnimationDemoView.swift; sourceTree = "<group>"; };
		1823888B25F8983A00D78CC7 /* URLConvertible.swift */ = {isa = PBXFileReference; lastKnownFileType = sourcecode.swift; path = URLConvertible.swift; sourceTree = "<group>"; };
		1823889025F8A14500D78CC7 /* UIViewControllerType.swift */ = {isa = PBXFileReference; lastKnownFileType = sourcecode.swift; path = UIViewControllerType.swift; sourceTree = "<group>"; };
		1823889525F8A1FE00D78CC7 /* NavigatorProtocol.swift */ = {isa = PBXFileReference; lastKnownFileType = sourcecode.swift; path = NavigatorProtocol.swift; sourceTree = "<group>"; };
		1823889A25F8A5EB00D78CC7 /* Navigator.swift */ = {isa = PBXFileReference; lastKnownFileType = sourcecode.swift; path = Navigator.swift; sourceTree = "<group>"; };
		1823889F25F8A69500D78CC7 /* URLMatcher.swift */ = {isa = PBXFileReference; lastKnownFileType = sourcecode.swift; path = URLMatcher.swift; sourceTree = "<group>"; };
		182388A425F8B24F00D78CC7 /* URLPathComponent.swift */ = {isa = PBXFileReference; lastKnownFileType = sourcecode.swift; path = URLPathComponent.swift; sourceTree = "<group>"; };
		1823E0B627194D4C00F2ADCB /* TextEditingDemo.app */ = {isa = PBXFileReference; explicitFileType = wrapper.application; includeInIndex = 0; path = TextEditingDemo.app; sourceTree = BUILT_PRODUCTS_DIR; };
		1823E0B827194D4C00F2ADCB /* AppDelegate.swift */ = {isa = PBXFileReference; lastKnownFileType = sourcecode.swift; path = AppDelegate.swift; sourceTree = "<group>"; };
		1823E0BA27194D4C00F2ADCB /* SceneDelegate.swift */ = {isa = PBXFileReference; lastKnownFileType = sourcecode.swift; path = SceneDelegate.swift; sourceTree = "<group>"; };
		1823E0BC27194D4C00F2ADCB /* ViewController.swift */ = {isa = PBXFileReference; lastKnownFileType = sourcecode.swift; path = ViewController.swift; sourceTree = "<group>"; };
		1823E0BF27194D4C00F2ADCB /* Base */ = {isa = PBXFileReference; lastKnownFileType = file.storyboard; name = Base; path = Base.lproj/Main.storyboard; sourceTree = "<group>"; };
		1823E0C127194D4E00F2ADCB /* Assets.xcassets */ = {isa = PBXFileReference; lastKnownFileType = folder.assetcatalog; path = Assets.xcassets; sourceTree = "<group>"; };
		1823E0C427194D4E00F2ADCB /* Base */ = {isa = PBXFileReference; lastKnownFileType = file.storyboard; name = Base; path = Base.lproj/LaunchScreen.storyboard; sourceTree = "<group>"; };
		1823E0C627194D4E00F2ADCB /* Info.plist */ = {isa = PBXFileReference; lastKnownFileType = text.plist.xml; path = Info.plist; sourceTree = "<group>"; };
		182534F225C9202800449A91 /* TelInputTest.swift */ = {isa = PBXFileReference; lastKnownFileType = sourcecode.swift; path = TelInputTest.swift; sourceTree = "<group>"; };
		182534FA25C93B3400449A91 /* README.md */ = {isa = PBXFileReference; fileEncoding = 4; lastKnownFileType = net.daringfireball.markdown; path = README.md; sourceTree = SOURCE_ROOT; };
		1825862027210AD600140784 /* LovingHeartAnimDemoView.swift */ = {isa = PBXFileReference; lastKnownFileType = sourcecode.swift; path = LovingHeartAnimDemoView.swift; sourceTree = "<group>"; };
		1826357E25E4F78500BDE1D0 /* KeyValue.swift */ = {isa = PBXFileReference; lastKnownFileType = sourcecode.swift; path = KeyValue.swift; sourceTree = "<group>"; };
		182815E7275DD872009878E2 /* InJectionHelper.swift */ = {isa = PBXFileReference; lastKnownFileType = sourcecode.swift; path = InJectionHelper.swift; sourceTree = "<group>"; };
		182BEE3E271D3F0A0082120E /* Test.swift */ = {isa = PBXFileReference; lastKnownFileType = sourcecode.swift; path = Test.swift; sourceTree = "<group>"; };
		182C9D5825C009E600020E1C /* MemoryCacheManager.swift */ = {isa = PBXFileReference; lastKnownFileType = sourcecode.swift; path = MemoryCacheManager.swift; sourceTree = "<group>"; };
		1834C11D272689C400F16160 /* MaskShapeDemoView.swift */ = {isa = PBXFileReference; lastKnownFileType = sourcecode.swift; path = MaskShapeDemoView.swift; sourceTree = "<group>"; };
		1841D1D6272007E800FBE743 /* ShapeAndLoadAnimDemoView.swift */ = {isa = PBXFileReference; lastKnownFileType = sourcecode.swift; path = ShapeAndLoadAnimDemoView.swift; sourceTree = "<group>"; };
		1868BD7425DF877F00D4E832 /* ImageDrawUtiles.swift */ = {isa = PBXFileReference; lastKnownFileType = sourcecode.swift; path = ImageDrawUtiles.swift; sourceTree = "<group>"; };
		1869E98A277BFBDB00DCB738 /* ConstrantLayoutDemoView.swift */ = {isa = PBXFileReference; lastKnownFileType = sourcecode.swift; path = ConstrantLayoutDemoView.swift; sourceTree = "<group>"; };
		1869E98C277C513E00DCB738 /* ConstrantLayoutDemoView2.swift */ = {isa = PBXFileReference; lastKnownFileType = sourcecode.swift; path = ConstrantLayoutDemoView2.swift; sourceTree = "<group>"; };
		186EFBF4277D5F9A0039E288 /* AnimationDemo.entitlements */ = {isa = PBXFileReference; lastKnownFileType = text.plist.entitlements; path = AnimationDemo.entitlements; sourceTree = "<group>"; };
		186EFBF5277D79E30039E288 /* Config.xcconfig */ = {isa = PBXFileReference; lastKnownFileType = text.xcconfig; path = Config.xcconfig; sourceTree = "<group>"; };
		1870190B271E90B20008B9A0 /* AnimationDemo.app */ = {isa = PBXFileReference; explicitFileType = wrapper.application; includeInIndex = 0; path = AnimationDemo.app; sourceTree = BUILT_PRODUCTS_DIR; };
		1870190D271E90B20008B9A0 /* AppDelegate.swift */ = {isa = PBXFileReference; lastKnownFileType = sourcecode.swift; path = AppDelegate.swift; sourceTree = "<group>"; };
		1870190F271E90B20008B9A0 /* SceneDelegate.swift */ = {isa = PBXFileReference; lastKnownFileType = sourcecode.swift; path = SceneDelegate.swift; sourceTree = "<group>"; };
		18701911271E90B20008B9A0 /* ViewController.swift */ = {isa = PBXFileReference; lastKnownFileType = sourcecode.swift; path = ViewController.swift; sourceTree = "<group>"; };
		18701914271E90B20008B9A0 /* Base */ = {isa = PBXFileReference; lastKnownFileType = file.storyboard; name = Base; path = Base.lproj/Main.storyboard; sourceTree = "<group>"; };
		18701916271E90B30008B9A0 /* Assets.xcassets */ = {isa = PBXFileReference; lastKnownFileType = folder.assetcatalog; path = Assets.xcassets; sourceTree = "<group>"; };
		18701919271E90B30008B9A0 /* Base */ = {isa = PBXFileReference; lastKnownFileType = file.storyboard; name = Base; path = Base.lproj/LaunchScreen.storyboard; sourceTree = "<group>"; };
		1870191B271E90B30008B9A0 /* Info.plist */ = {isa = PBXFileReference; lastKnownFileType = text.plist.xml; path = Info.plist; sourceTree = "<group>"; };
		1870191F271E914A0008B9A0 /* ChangePositionAndOpacityDemoView.swift */ = {isa = PBXFileReference; lastKnownFileType = sourcecode.swift; path = ChangePositionAndOpacityDemoView.swift; sourceTree = "<group>"; };
		18701921271EA6730008B9A0 /* AnimationDelegate.swift */ = {isa = PBXFileReference; lastKnownFileType = sourcecode.swift; path = AnimationDelegate.swift; sourceTree = "<group>"; };
		18701923271EB2710008B9A0 /* AnimationKeyPath.swift */ = {isa = PBXFileReference; lastKnownFileType = sourcecode.swift; path = AnimationKeyPath.swift; sourceTree = "<group>"; };
		187AF09725C3D86400EF949D /* SafeTimer.swift */ = {isa = PBXFileReference; fileEncoding = 4; lastKnownFileType = sourcecode.swift; path = SafeTimer.swift; sourceTree = "<group>"; };
		187AF09825C3D86400EF949D /* PeriodicExecution.swift */ = {isa = PBXFileReference; fileEncoding = 4; lastKnownFileType = sourcecode.swift; path = PeriodicExecution.swift; sourceTree = "<group>"; };
		187AF09925C3D86400EF949D /* MainThreadStuckMonitor.swift */ = {isa = PBXFileReference; fileEncoding = 4; lastKnownFileType = sourcecode.swift; path = MainThreadStuckMonitor.swift; sourceTree = "<group>"; };
		187AF09A25C3D86400EF949D /* RunloopMonitor .swift */ = {isa = PBXFileReference; fileEncoding = 4; lastKnownFileType = sourcecode.swift; path = "RunloopMonitor .swift"; sourceTree = "<group>"; };
		187AF0A225C3D88500EF949D /* SecondCountDowner.swift */ = {isa = PBXFileReference; lastKnownFileType = sourcecode.swift; path = SecondCountDowner.swift; sourceTree = "<group>"; };
		187AF0AB25C3DCA600EF949D /* PerfectLock.swift */ = {isa = PBXFileReference; lastKnownFileType = sourcecode.swift; path = PerfectLock.swift; sourceTree = "<group>"; };
		1880CBF627B0B4EF00845499 /* WuFuAnimationDemoView.swift */ = {isa = PBXFileReference; lastKnownFileType = sourcecode.swift; path = WuFuAnimationDemoView.swift; sourceTree = "<group>"; };
		1884FA5027463E3100DF684D /* ImageBrowerDemo.app */ = {isa = PBXFileReference; explicitFileType = wrapper.application; includeInIndex = 0; path = ImageBrowerDemo.app; sourceTree = BUILT_PRODUCTS_DIR; };
		1884FA5227463E3100DF684D /* AppDelegate.swift */ = {isa = PBXFileReference; lastKnownFileType = sourcecode.swift; path = AppDelegate.swift; sourceTree = "<group>"; };
		1884FA5427463E3100DF684D /* SceneDelegate.swift */ = {isa = PBXFileReference; lastKnownFileType = sourcecode.swift; path = SceneDelegate.swift; sourceTree = "<group>"; };
		1884FA5627463E3100DF684D /* ViewController.swift */ = {isa = PBXFileReference; lastKnownFileType = sourcecode.swift; path = ViewController.swift; sourceTree = "<group>"; };
		1884FA5927463E3100DF684D /* Base */ = {isa = PBXFileReference; lastKnownFileType = file.storyboard; name = Base; path = Base.lproj/Main.storyboard; sourceTree = "<group>"; };
		1884FA5B27463E3300DF684D /* Assets.xcassets */ = {isa = PBXFileReference; lastKnownFileType = folder.assetcatalog; path = Assets.xcassets; sourceTree = "<group>"; };
		1884FA5E27463E3300DF684D /* Base */ = {isa = PBXFileReference; lastKnownFileType = file.storyboard; name = Base; path = Base.lproj/LaunchScreen.storyboard; sourceTree = "<group>"; };
		1884FA6027463E3300DF684D /* Info.plist */ = {isa = PBXFileReference; lastKnownFileType = text.plist.xml; path = Info.plist; sourceTree = "<group>"; };
		1884FA642746414200DF684D /* girl.jpeg */ = {isa = PBXFileReference; lastKnownFileType = image.jpeg; path = girl.jpeg; sourceTree = "<group>"; };
		189E48F22726998000C4F31B /* SILTest.swift */ = {isa = PBXFileReference; lastKnownFileType = sourcecode.swift; path = SILTest.swift; sourceTree = "<group>"; };
		18B0AAC925B7FEA000041BD3 /* SDWebImageCodeAnalyse.swift */ = {isa = PBXFileReference; lastKnownFileType = sourcecode.swift; path = SDWebImageCodeAnalyse.swift; sourceTree = "<group>"; };
		18B20B9725CD28B500B624FE /* bigImage.png */ = {isa = PBXFileReference; lastKnownFileType = image.png; path = bigImage.png; sourceTree = "<group>"; };
		18B20B9C25CD28CA00B624FE /* ImageDrawTest.swift */ = {isa = PBXFileReference; lastKnownFileType = sourcecode.swift; path = ImageDrawTest.swift; sourceTree = "<group>"; };
		18C59EF225A2E661001374DA /* UIViewController+CustomPresentation.swift */ = {isa = PBXFileReference; fileEncoding = 4; lastKnownFileType = sourcecode.swift; path = "UIViewController+CustomPresentation.swift"; sourceTree = "<group>"; };
		18C59EF525A2E661001374DA /* DefaultInteractiveController.swift */ = {isa = PBXFileReference; fileEncoding = 4; lastKnownFileType = sourcecode.swift; path = DefaultInteractiveController.swift; sourceTree = "<group>"; };
		18C59EF625A2E661001374DA /* DefaultPresentationController.swift */ = {isa = PBXFileReference; fileEncoding = 4; lastKnownFileType = sourcecode.swift; path = DefaultPresentationController.swift; sourceTree = "<group>"; };
		18C59F0225A2E661001374DA /* TrastionDelegate.swift */ = {isa = PBXFileReference; fileEncoding = 4; lastKnownFileType = sourcecode.swift; path = TrastionDelegate.swift; sourceTree = "<group>"; };
		18C59F1A25A2F471001374DA /* DissVC.swift */ = {isa = PBXFileReference; lastKnownFileType = sourcecode.swift; path = DissVC.swift; sourceTree = "<group>"; };
		18DF52DA277D921D00D149B3 /* TEMPLATE.swift */ = {isa = PBXFileReference; lastKnownFileType = sourcecode.swift; path = TEMPLATE.swift; sourceTree = "<group>"; };
		18F5F58D2581C7F500C35490 /* WxShareDemoVC.swift */ = {isa = PBXFileReference; lastKnownFileType = sourcecode.swift; path = WxShareDemoVC.swift; sourceTree = "<group>"; };
		18F5F5A52581CA3600C35490 /* WXApiObject.h */ = {isa = PBXFileReference; fileEncoding = 4; lastKnownFileType = sourcecode.c.h; path = WXApiObject.h; sourceTree = "<group>"; };
		18F5F5A62581CA3600C35490 /* README.txt */ = {isa = PBXFileReference; fileEncoding = 4; lastKnownFileType = text; path = README.txt; sourceTree = "<group>"; };
		18F5F5A72581CA3600C35490 /* WechatAuthSDK.h */ = {isa = PBXFileReference; fileEncoding = 4; lastKnownFileType = sourcecode.c.h; path = WechatAuthSDK.h; sourceTree = "<group>"; };
		18F5F5A82581CA3600C35490 /* libWeChatSDK.a */ = {isa = PBXFileReference; lastKnownFileType = archive.ar; path = libWeChatSDK.a; sourceTree = "<group>"; };
		18F5F5AE2581CB6600C35490 /* EventTest-Bridging-Header.h */ = {isa = PBXFileReference; lastKnownFileType = sourcecode.c.h; path = "EventTest-Bridging-Header.h"; sourceTree = "<group>"; };
		18F5F5B92581CF3C00C35490 /* WxApiManager.swift */ = {isa = PBXFileReference; lastKnownFileType = sourcecode.swift; path = WxApiManager.swift; sourceTree = "<group>"; };
		18FECA79258B41D80023CE70 /* Alogrithm.swift */ = {isa = PBXFileReference; lastKnownFileType = sourcecode.swift; path = Alogrithm.swift; sourceTree = "<group>"; };
		1E4B0C3F5C233AC91438F2DF /* Pods-EventTest-EventTestUITests.release.xcconfig */ = {isa = PBXFileReference; includeInIndex = 1; lastKnownFileType = text.xcconfig; name = "Pods-EventTest-EventTestUITests.release.xcconfig"; path = "Target Support Files/Pods-EventTest-EventTestUITests/Pods-EventTest-EventTestUITests.release.xcconfig"; sourceTree = "<group>"; };
		520EA3D61A3042DB495C2143 /* Pods_EventTest_ImageBrowerDemo.framework */ = {isa = PBXFileReference; explicitFileType = wrapper.framework; includeInIndex = 0; path = Pods_EventTest_ImageBrowerDemo.framework; sourceTree = BUILT_PRODUCTS_DIR; };
		5FBDC677C68D9C8632064703 /* Pods-EventTest-EventTestUITests.debug.xcconfig */ = {isa = PBXFileReference; includeInIndex = 1; lastKnownFileType = text.xcconfig; name = "Pods-EventTest-EventTestUITests.debug.xcconfig"; path = "Target Support Files/Pods-EventTest-EventTestUITests/Pods-EventTest-EventTestUITests.debug.xcconfig"; sourceTree = "<group>"; };
		620603C7F60AB68EB6BFF232 /* Pods-EventTest-ImageBrowerDemo.release.xcconfig */ = {isa = PBXFileReference; includeInIndex = 1; lastKnownFileType = text.xcconfig; name = "Pods-EventTest-ImageBrowerDemo.release.xcconfig"; path = "Target Support Files/Pods-EventTest-ImageBrowerDemo/Pods-EventTest-ImageBrowerDemo.release.xcconfig"; sourceTree = "<group>"; };
		6294F2AED151AFB1A2C59B0D /* Pods_EventTest_AnimationDemo.framework */ = {isa = PBXFileReference; explicitFileType = wrapper.framework; includeInIndex = 0; path = Pods_EventTest_AnimationDemo.framework; sourceTree = BUILT_PRODUCTS_DIR; };
		7BCC4325030CE3E348924CEC /* Pods_EventTestTests.framework */ = {isa = PBXFileReference; explicitFileType = wrapper.framework; includeInIndex = 0; path = Pods_EventTestTests.framework; sourceTree = BUILT_PRODUCTS_DIR; };
		7F738C65C2A7A24757B7CD45 /* Pods-EventTestTests.release.xcconfig */ = {isa = PBXFileReference; includeInIndex = 1; lastKnownFileType = text.xcconfig; name = "Pods-EventTestTests.release.xcconfig"; path = "Target Support Files/Pods-EventTestTests/Pods-EventTestTests.release.xcconfig"; sourceTree = "<group>"; };
		898F5E51D4CCAF720386A413 /* Pods-EventTest-AnimationDemo.debug.xcconfig */ = {isa = PBXFileReference; includeInIndex = 1; lastKnownFileType = text.xcconfig; name = "Pods-EventTest-AnimationDemo.debug.xcconfig"; path = "Target Support Files/Pods-EventTest-AnimationDemo/Pods-EventTest-AnimationDemo.debug.xcconfig"; sourceTree = "<group>"; };
		ABCBEAD5F37847D815D6E2E2 /* Pods_EventTest.framework */ = {isa = PBXFileReference; explicitFileType = wrapper.framework; includeInIndex = 0; path = Pods_EventTest.framework; sourceTree = BUILT_PRODUCTS_DIR; };
		BD2171F9D5F9F29CDB4E9A9E /* Pods-EventTestTests.debug.xcconfig */ = {isa = PBXFileReference; includeInIndex = 1; lastKnownFileType = text.xcconfig; name = "Pods-EventTestTests.debug.xcconfig"; path = "Target Support Files/Pods-EventTestTests/Pods-EventTestTests.debug.xcconfig"; sourceTree = "<group>"; };
		BEA4A3BBAB7B343F30422EFA /* Pods-EventTest-AnimationDemo.release.xcconfig */ = {isa = PBXFileReference; includeInIndex = 1; lastKnownFileType = text.xcconfig; name = "Pods-EventTest-AnimationDemo.release.xcconfig"; path = "Target Support Files/Pods-EventTest-AnimationDemo/Pods-EventTest-AnimationDemo.release.xcconfig"; sourceTree = "<group>"; };
		C60452CEB92F5AB922B3C5C4 /* Pods-EventTest.release.xcconfig */ = {isa = PBXFileReference; includeInIndex = 1; lastKnownFileType = text.xcconfig; name = "Pods-EventTest.release.xcconfig"; path = "Target Support Files/Pods-EventTest/Pods-EventTest.release.xcconfig"; sourceTree = "<group>"; };
		DA963E04A2538B9589DAED01 /* Pods-EventTest-ImageBrowerDemo.debug.xcconfig */ = {isa = PBXFileReference; includeInIndex = 1; lastKnownFileType = text.xcconfig; name = "Pods-EventTest-ImageBrowerDemo.debug.xcconfig"; path = "Target Support Files/Pods-EventTest-ImageBrowerDemo/Pods-EventTest-ImageBrowerDemo.debug.xcconfig"; sourceTree = "<group>"; };
		DC99BF08524E2398E46F5A7E /* Pods-EventTest-TextEditingDemo.release.xcconfig */ = {isa = PBXFileReference; includeInIndex = 1; lastKnownFileType = text.xcconfig; name = "Pods-EventTest-TextEditingDemo.release.xcconfig"; path = "Target Support Files/Pods-EventTest-TextEditingDemo/Pods-EventTest-TextEditingDemo.release.xcconfig"; sourceTree = "<group>"; };
		EE922B8DB4819E3F0D0BFBE3 /* Pods-EventTest-TextEditingDemo.debug.xcconfig */ = {isa = PBXFileReference; includeInIndex = 1; lastKnownFileType = text.xcconfig; name = "Pods-EventTest-TextEditingDemo.debug.xcconfig"; path = "Target Support Files/Pods-EventTest-TextEditingDemo/Pods-EventTest-TextEditingDemo.debug.xcconfig"; sourceTree = "<group>"; };
		F692E3517A58806685E1B909 /* Pods-TextEditingDemo.debug.xcconfig */ = {isa = PBXFileReference; includeInIndex = 1; lastKnownFileType = text.xcconfig; name = "Pods-TextEditingDemo.debug.xcconfig"; path = "Target Support Files/Pods-TextEditingDemo/Pods-TextEditingDemo.debug.xcconfig"; sourceTree = "<group>"; };
		FF2395D0E02C5DB848B55554 /* Pods-TextEditingDemo.release.xcconfig */ = {isa = PBXFileReference; includeInIndex = 1; lastKnownFileType = text.xcconfig; name = "Pods-TextEditingDemo.release.xcconfig"; path = "Target Support Files/Pods-TextEditingDemo/Pods-TextEditingDemo.release.xcconfig"; sourceTree = "<group>"; };
/* End PBXFileReference section */

/* Begin PBXFrameworksBuildPhase section */
		1813C1EC25073D7900BDC530 /* Frameworks */ = {
			isa = PBXFrameworksBuildPhase;
			buildActionMask = 2147483647;
			files = (
				67C7FB9A27DC254617388B26 /* Pods_EventTest.framework in Frameworks */,
				DD8C6892FB6C8B2BB973BCAC /* Pods_EventTest.framework in Frameworks */,
				18F5F5AA2581CA3600C35490 /* libWeChatSDK.a in Frameworks */,
			);
			runOnlyForDeploymentPostprocessing = 0;
		};
		1823E0B327194D4C00F2ADCB /* Frameworks */ = {
			isa = PBXFrameworksBuildPhase;
			buildActionMask = 2147483647;
			files = (
				123A1FE502473573A73ACDA8 /* Pods_EventTest_TextEditingDemo.framework in Frameworks */,
			);
			runOnlyForDeploymentPostprocessing = 0;
		};
		18701908271E90B20008B9A0 /* Frameworks */ = {
			isa = PBXFrameworksBuildPhase;
			buildActionMask = 2147483647;
			files = (
				7FD15605717DBF89E021FD30 /* Pods_EventTest_AnimationDemo.framework in Frameworks */,
			);
			runOnlyForDeploymentPostprocessing = 0;
		};
		1884FA4D27463E3100DF684D /* Frameworks */ = {
			isa = PBXFrameworksBuildPhase;
			buildActionMask = 2147483647;
			files = (
				3B2509C9AA693C5ACD539F4F /* Pods_EventTest_ImageBrowerDemo.framework in Frameworks */,
			);
			runOnlyForDeploymentPostprocessing = 0;
		};
/* End PBXFrameworksBuildPhase section */

/* Begin PBXGroup section */
		180B6DF9257F7D5F00CC03BB /* EventTest */ = {
			isa = PBXGroup;
			children = (
				1823888725F88E0300D78CC7 /* FakeURLNavigator */,
				182534FA25C93B3400449A91 /* README.md */,
				18B20B9625CD288300B624FE /* ImageDraw */,
				182534F125C9200800449A91 /* TelInput */,
				187AF0AA25C3DC9800EF949D /* PerfectLock */,
				187AF09625C3D86400EF949D /* SafeTimer */,
				18FC756125C27F5F008716C9 /* MemoryCacheManager */,
				18FC756025C27F45008716C9 /* EvaluateExpressionParser */,
				18B0AAC825B7FE4B00041BD3 /* SDWebImageCodeAnalyse */,
				180F440C25AEDA560035ADD1 /* AsyncRender */,
				18C59EEE25A2E661001374DA /* CustomPresentation */,
				181791D9259C6BEB009BA40A /* NestedScroll */,
				18F5F5A32581CA3600C35490 /* OpenSDK1.8.7.1 */,
				18F5F58C2581C7CE00C35490 /* WxShareDemo */,
				180B6DFA257F7D5F00CC03BB /* AlamofireTest */,
				180B6E00257F7D5F00CC03BB /* ScrollVIewTest */,
				180B6E02257F7D5F00CC03BB /* ThreadSafeTest */,
				180B6E06257F7D5F00CC03BB /* Tests */,
				180B6E60257F7D5F00CC03BB /* RxSwiftV1.1 */,
				180B6E68257F7D5F00CC03BB /* SwiftAdvance */,
				180B6E6A257F7D5F00CC03BB /* CustomView */,
				180B6E6C257F7D5F00CC03BB /* AppDelegate.swift */,
				180B6E05257F7D5F00CC03BB /* Assets.xcassets */,
				180B6E6D257F7D5F00CC03BB /* Info.plist */,
				180B6E6E257F7D5F00CC03BB /* SceneDelegate.swift */,
				180B6DFF257F7D5F00CC03BB /* ViewController.swift */,
				180B6E5B257F7D5F00CC03BB /* LaunchScreen.storyboard */,
				180B6E5D257F7D5F00CC03BB /* Main.storyboard */,
				180B6E5F257F7D5F00CC03BB /* EventTest.entitlements */,
				18F5F5AE2581CB6600C35490 /* EventTest-Bridging-Header.h */,
			);
			path = EventTest;
			sourceTree = "<group>";
		};
		180B6DFA257F7D5F00CC03BB /* AlamofireTest */ = {
			isa = PBXGroup;
			children = (
				180D78F22702F5B9000B2C14 /* Network2 */,
				180B6DFB257F7D5F00CC03BB /* AlamofireTest.swift */,
			);
			path = AlamofireTest;
			sourceTree = "<group>";
		};
		180B6E00257F7D5F00CC03BB /* ScrollVIewTest */ = {
			isa = PBXGroup;
			children = (
				180B6E01257F7D5F00CC03BB /* ScrollViewTest.swift */,
			);
			path = ScrollVIewTest;
			sourceTree = "<group>";
		};
		180B6E02257F7D5F00CC03BB /* ThreadSafeTest */ = {
			isa = PBXGroup;
			children = (
				180B6E03257F7D5F00CC03BB /* ThreadSafeTest.swift */,
			);
			path = ThreadSafeTest;
			sourceTree = "<group>";
		};
		180B6E06257F7D5F00CC03BB /* Tests */ = {
			isa = PBXGroup;
			children = (
				180B6E07257F7D5F00CC03BB /* InitializerTest.swift */,
				180B6E08257F7D5F00CC03BB /* SearchDivied.swift */,
				180B6E09257F7D5F00CC03BB /* InitTest.swift */,
				18FECA79258B41D80023CE70 /* Alogrithm.swift */,
			);
			path = Tests;
			sourceTree = "<group>";
		};
		180B6E60257F7D5F00CC03BB /* RxSwiftV1.1 */ = {
			isa = PBXGroup;
			children = (
				180B6E61257F7D5F00CC03BB /* Swift100Tips.swift */,
				180B6E62257F7D5F00CC03BB /* RxChangeUIStateVC.swift */,
				180B6E63257F7D5F00CC03BB /* CLLocationManager+Rx.swift */,
				180B6E64257F7D5F00CC03BB /* RxSwiftLearning.swift */,
				180B6E65257F7D5F00CC03BB /* MKMapView+Rx.swift */,
				180B6E66257F7D5F00CC03BB /* Weathear.swift */,
				180B6E67257F7D5F00CC03BB /* EONET.swift */,
			);
			path = RxSwiftV1.1;
			sourceTree = "<group>";
		};
		180B6E68257F7D5F00CC03BB /* SwiftAdvance */ = {
			isa = PBXGroup;
			children = (
				180B6E69257F7D5F00CC03BB /* SwiftAdvance.swift */,
			);
			path = SwiftAdvance;
			sourceTree = "<group>";
		};
		180B6E6A257F7D5F00CC03BB /* CustomView */ = {
			isa = PBXGroup;
			children = (
				180B6E6B257F7D5F00CC03BB /* YLLongPressDisplayView.swift */,
			);
			path = CustomView;
			sourceTree = "<group>";
		};
		180D78F22702F5B9000B2C14 /* Network2 */ = {
			isa = PBXGroup;
			children = (
				180D78FB2702FC49000B2C14 /* LoginRequest.swift */,
				180D78FD27030340000B2C14 /* UserInfoRequest.swift */,
				180D78F32702F5B9000B2C14 /* Network2Client.swift */,
				180D78F42702F5B9000B2C14 /* ModelCodable.swift */,
				180D78F62702F5B9000B2C14 /* Network2Protocols.swift */,
			);
			path = Network2;
			sourceTree = "<group>";
		};
		180F440C25AEDA560035ADD1 /* AsyncRender */ = {
			isa = PBXGroup;
			children = (
				180F440725AEDA500035ADD1 /* AsyncRender.swift */,
			);
			path = AsyncRender;
			sourceTree = "<group>";
		};
		1813C1E625073D7900BDC530 = {
			isa = PBXGroup;
			children = (
				180B6DF9257F7D5F00CC03BB /* EventTest */,
				1823E0B727194D4C00F2ADCB /* TextEditingDemo */,
				1870190C271E90B20008B9A0 /* AnimationDemo */,
				1884FA5127463E3100DF684D /* ImageBrowerDemo */,
				1813C1F025073D7900BDC530 /* Products */,
				E8FA966982CCA3F1142082FC /* Pods */,
				E1EEF273647CE2EB3FF646A7 /* Frameworks */,
			);
			sourceTree = "<group>";
		};
		1813C1F025073D7900BDC530 /* Products */ = {
			isa = PBXGroup;
			children = (
				1813C1EF25073D7900BDC530 /* EventTest.app */,
				1823E0B627194D4C00F2ADCB /* TextEditingDemo.app */,
				1870190B271E90B20008B9A0 /* AnimationDemo.app */,
				1884FA5027463E3100DF684D /* ImageBrowerDemo.app */,
			);
			name = Products;
			sourceTree = "<group>";
		};
		181791D9259C6BEB009BA40A /* NestedScroll */ = {
			isa = PBXGroup;
			children = (
				181791DA259C6C45009BA40A /* NestedScrollDemoVC.swift */,
			);
			path = NestedScroll;
			sourceTree = "<group>";
		};
		181D5638271FB02000CF75A8 /* Demos */ = {
			isa = PBXGroup;
			children = (
				1870191F271E914A0008B9A0 /* ChangePositionAndOpacityDemoView.swift */,
				181D563B271FB2B000CF75A8 /* RoundFadeDemoView.swift */,
				181D563F271FEC7F00CF75A8 /* LoadAnimDemoView.swift */,
				1841D1D6272007E800FBE743 /* ShapeAndLoadAnimDemoView.swift */,
				1825862027210AD600140784 /* LovingHeartAnimDemoView.swift */,
				1821031A2721341A00B3C1E5 /* CheckMarkAnimDemoView.swift */,
				1821031C2721401200B3C1E5 /* MaskFadeAnimationDemoView.swift */,
				1834C11D272689C400F16160 /* MaskShapeDemoView.swift */,
				1869E98A277BFBDB00DCB738 /* ConstrantLayoutDemoView.swift */,
				1869E98C277C513E00DCB738 /* ConstrantLayoutDemoView2.swift */,
				1880CBF627B0B4EF00845499 /* WuFuAnimationDemoView.swift */,
			);
			path = Demos;
			sourceTree = "<group>";
		};
		181D5639271FB03000CF75A8 /* AnimationHelper */ = {
			isa = PBXGroup;
			children = (
				18701921271EA6730008B9A0 /* AnimationDelegate.swift */,
				18701923271EB2710008B9A0 /* AnimationKeyPath.swift */,
			);
			path = AnimationHelper;
			sourceTree = "<group>";
		};
		181D563A271FB04300CF75A8 /* Utilities */ = {
			isa = PBXGroup;
			children = (
				181D5636271FAF9700CF75A8 /* UIColor+Ex.swift */,
				181D563D271FE53F00CF75A8 /* CALayer+Animation.swift */,
			);
			path = Utilities;
			sourceTree = "<group>";
		};
		1823888725F88E0300D78CC7 /* FakeURLNavigator */ = {
			isa = PBXGroup;
			children = (
				1823888B25F8983A00D78CC7 /* URLConvertible.swift */,
				1823889025F8A14500D78CC7 /* UIViewControllerType.swift */,
				1823889525F8A1FE00D78CC7 /* NavigatorProtocol.swift */,
				1823889A25F8A5EB00D78CC7 /* Navigator.swift */,
				1823889F25F8A69500D78CC7 /* URLMatcher.swift */,
				182388A425F8B24F00D78CC7 /* URLPathComponent.swift */,
			);
			path = FakeURLNavigator;
			sourceTree = "<group>";
		};
		1823E0B727194D4C00F2ADCB /* TextEditingDemo */ = {
			isa = PBXGroup;
			children = (
				1823E0B827194D4C00F2ADCB /* AppDelegate.swift */,
				182BEE3E271D3F0A0082120E /* Test.swift */,
				1823E0BA27194D4C00F2ADCB /* SceneDelegate.swift */,
				1823E0BC27194D4C00F2ADCB /* ViewController.swift */,
				1823E0BE27194D4C00F2ADCB /* Main.storyboard */,
				1823E0C127194D4E00F2ADCB /* Assets.xcassets */,
				1823E0C327194D4E00F2ADCB /* LaunchScreen.storyboard */,
				1823E0C627194D4E00F2ADCB /* Info.plist */,
				182815E7275DD872009878E2 /* InJectionHelper.swift */,
			);
			path = TextEditingDemo;
			sourceTree = "<group>";
		};
		182534F125C9200800449A91 /* TelInput */ = {
			isa = PBXGroup;
			children = (
				182534F225C9202800449A91 /* TelInputTest.swift */,
			);
			path = TelInput;
			sourceTree = "<group>";
		};
		1870190C271E90B20008B9A0 /* AnimationDemo */ = {
			isa = PBXGroup;
			children = (
				186EFBF4277D5F9A0039E288 /* AnimationDemo.entitlements */,
				181D563A271FB04300CF75A8 /* Utilities */,
				181D5639271FB03000CF75A8 /* AnimationHelper */,
				181D5638271FB02000CF75A8 /* Demos */,
				1870190D271E90B20008B9A0 /* AppDelegate.swift */,
				1870190F271E90B20008B9A0 /* SceneDelegate.swift */,
				18701911271E90B20008B9A0 /* ViewController.swift */,
				18701913271E90B20008B9A0 /* Main.storyboard */,
				18701916271E90B30008B9A0 /* Assets.xcassets */,
				18701918271E90B30008B9A0 /* LaunchScreen.storyboard */,
				1870191B271E90B30008B9A0 /* Info.plist */,
				189E48F22726998000C4F31B /* SILTest.swift */,
				186EFBF5277D79E30039E288 /* Config.xcconfig */,
				18DF52DA277D921D00D149B3 /* TEMPLATE.swift */,
			);
			path = AnimationDemo;
			sourceTree = "<group>";
		};
		187AF09625C3D86400EF949D /* SafeTimer */ = {
			isa = PBXGroup;
			children = (
				187AF09725C3D86400EF949D /* SafeTimer.swift */,
				187AF09825C3D86400EF949D /* PeriodicExecution.swift */,
				187AF09925C3D86400EF949D /* MainThreadStuckMonitor.swift */,
				187AF09A25C3D86400EF949D /* RunloopMonitor .swift */,
				187AF0A225C3D88500EF949D /* SecondCountDowner.swift */,
			);
			path = SafeTimer;
			sourceTree = "<group>";
		};
		187AF0AA25C3DC9800EF949D /* PerfectLock */ = {
			isa = PBXGroup;
			children = (
				187AF0AB25C3DCA600EF949D /* PerfectLock.swift */,
			);
			path = PerfectLock;
			sourceTree = "<group>";
		};
		1884FA5127463E3100DF684D /* ImageBrowerDemo */ = {
			isa = PBXGroup;
			children = (
				1884FA642746414200DF684D /* girl.jpeg */,
				1884FA5227463E3100DF684D /* AppDelegate.swift */,
				1884FA5427463E3100DF684D /* SceneDelegate.swift */,
				1884FA5627463E3100DF684D /* ViewController.swift */,
				1884FA5827463E3100DF684D /* Main.storyboard */,
				1884FA5B27463E3300DF684D /* Assets.xcassets */,
				1884FA5D27463E3300DF684D /* LaunchScreen.storyboard */,
				1884FA6027463E3300DF684D /* Info.plist */,
			);
			path = ImageBrowerDemo;
			sourceTree = "<group>";
		};
		18B0AAC825B7FE4B00041BD3 /* SDWebImageCodeAnalyse */ = {
			isa = PBXGroup;
			children = (
				18B0AAC925B7FEA000041BD3 /* SDWebImageCodeAnalyse.swift */,
			);
			path = SDWebImageCodeAnalyse;
			sourceTree = "<group>";
		};
		18B20B9625CD288300B624FE /* ImageDraw */ = {
			isa = PBXGroup;
			children = (
				18B20B9725CD28B500B624FE /* bigImage.png */,
				18B20B9C25CD28CA00B624FE /* ImageDrawTest.swift */,
				1868BD7425DF877F00D4E832 /* ImageDrawUtiles.swift */,
				1826357E25E4F78500BDE1D0 /* KeyValue.swift */,
				1819155F25E638EC0040736A /* PropertyWrapper.swift */,
			);
			path = ImageDraw;
			sourceTree = "<group>";
		};
		18C59EEE25A2E661001374DA /* CustomPresentation */ = {
			isa = PBXGroup;
			children = (
				18C59F1A25A2F471001374DA /* DissVC.swift */,
				18C59EF225A2E661001374DA /* UIViewController+CustomPresentation.swift */,
				18C59F0225A2E661001374DA /* TrastionDelegate.swift */,
				18C59EF325A2E661001374DA /* Default */,
			);
			path = CustomPresentation;
			sourceTree = "<group>";
		};
		18C59EF325A2E661001374DA /* Default */ = {
			isa = PBXGroup;
			children = (
				18C59EF525A2E661001374DA /* DefaultInteractiveController.swift */,
				18C59EF625A2E661001374DA /* DefaultPresentationController.swift */,
				1802B74E25A57E56000320E1 /* DefaultAnimator.swift */,
			);
			path = Default;
			sourceTree = "<group>";
		};
		18F5F58C2581C7CE00C35490 /* WxShareDemo */ = {
			isa = PBXGroup;
			children = (
				18F5F58D2581C7F500C35490 /* WxShareDemoVC.swift */,
				18F5F5B92581CF3C00C35490 /* WxApiManager.swift */,
			);
			path = WxShareDemo;
			sourceTree = "<group>";
		};
		18F5F5A32581CA3600C35490 /* OpenSDK1.8.7.1 */ = {
			isa = PBXGroup;
			children = (
				1801110425B57C270014457E /* WXApi.h */,
				18F5F5A52581CA3600C35490 /* WXApiObject.h */,
				18F5F5A62581CA3600C35490 /* README.txt */,
				18F5F5A72581CA3600C35490 /* WechatAuthSDK.h */,
				18F5F5A82581CA3600C35490 /* libWeChatSDK.a */,
			);
			path = OpenSDK1.8.7.1;
			sourceTree = "<group>";
		};
		18FC756025C27F45008716C9 /* EvaluateExpressionParser */ = {
			isa = PBXGroup;
			children = (
				180C41B225C1620500E07625 /* EvaluateExpressionParser.swift */,
			);
			path = EvaluateExpressionParser;
			sourceTree = "<group>";
		};
		18FC756125C27F5F008716C9 /* MemoryCacheManager */ = {
			isa = PBXGroup;
			children = (
				182C9D5825C009E600020E1C /* MemoryCacheManager.swift */,
			);
			path = MemoryCacheManager;
			sourceTree = "<group>";
		};
		E1EEF273647CE2EB3FF646A7 /* Frameworks */ = {
			isa = PBXGroup;
			children = (
				1801010F258064F400039345 /* Pods_EventTest.framework */,
				ABCBEAD5F37847D815D6E2E2 /* Pods_EventTest.framework */,
				17710710F81A2A4879A7F109 /* Pods_EventTest_EventTestUITests.framework */,
				7BCC4325030CE3E348924CEC /* Pods_EventTestTests.framework */,
				01D643308A4905FEB340F343 /* Pods_EventTest_TextEditingDemo.framework */,
				6294F2AED151AFB1A2C59B0D /* Pods_EventTest_AnimationDemo.framework */,
				520EA3D61A3042DB495C2143 /* Pods_EventTest_ImageBrowerDemo.framework */,
			);
			name = Frameworks;
			sourceTree = "<group>";
		};
		E8FA966982CCA3F1142082FC /* Pods */ = {
			isa = PBXGroup;
			children = (
				17EB0110E4B3B257190932E3 /* Pods-EventTest.debug.xcconfig */,
				C60452CEB92F5AB922B3C5C4 /* Pods-EventTest.release.xcconfig */,
				5FBDC677C68D9C8632064703 /* Pods-EventTest-EventTestUITests.debug.xcconfig */,
				1E4B0C3F5C233AC91438F2DF /* Pods-EventTest-EventTestUITests.release.xcconfig */,
				BD2171F9D5F9F29CDB4E9A9E /* Pods-EventTestTests.debug.xcconfig */,
				7F738C65C2A7A24757B7CD45 /* Pods-EventTestTests.release.xcconfig */,
				F692E3517A58806685E1B909 /* Pods-TextEditingDemo.debug.xcconfig */,
				FF2395D0E02C5DB848B55554 /* Pods-TextEditingDemo.release.xcconfig */,
				EE922B8DB4819E3F0D0BFBE3 /* Pods-EventTest-TextEditingDemo.debug.xcconfig */,
				DC99BF08524E2398E46F5A7E /* Pods-EventTest-TextEditingDemo.release.xcconfig */,
				898F5E51D4CCAF720386A413 /* Pods-EventTest-AnimationDemo.debug.xcconfig */,
				BEA4A3BBAB7B343F30422EFA /* Pods-EventTest-AnimationDemo.release.xcconfig */,
				DA963E04A2538B9589DAED01 /* Pods-EventTest-ImageBrowerDemo.debug.xcconfig */,
				620603C7F60AB68EB6BFF232 /* Pods-EventTest-ImageBrowerDemo.release.xcconfig */,
			);
			path = Pods;
			sourceTree = "<group>";
		};
/* End PBXGroup section */

/* Begin PBXNativeTarget section */
		1813C1EE25073D7900BDC530 /* EventTest */ = {
			isa = PBXNativeTarget;
			buildConfigurationList = 1813C21925073D7B00BDC530 /* Build configuration list for PBXNativeTarget "EventTest" */;
			buildPhases = (
				B4ED73B3730E8CFE039049E8 /* [CP] Check Pods Manifest.lock */,
				1813C1EB25073D7900BDC530 /* Sources */,
				1813C1EC25073D7900BDC530 /* Frameworks */,
				1813C1ED25073D7900BDC530 /* Resources */,
				B821EDE9F77559B81965E7A3 /* [CP] Embed Pods Frameworks */,
			);
			buildRules = (
			);
			dependencies = (
			);
			name = EventTest;
			productName = EventTest;
			productReference = 1813C1EF25073D7900BDC530 /* EventTest.app */;
			productType = "com.apple.product-type.application";
		};
		1823E0B527194D4C00F2ADCB /* TextEditingDemo */ = {
			isa = PBXNativeTarget;
			buildConfigurationList = 1823E0C927194D4E00F2ADCB /* Build configuration list for PBXNativeTarget "TextEditingDemo" */;
			buildPhases = (
				F8CD4CC24E47EFA101FD5BAE /* [CP] Check Pods Manifest.lock */,
				1823E0B227194D4C00F2ADCB /* Sources */,
				1823E0B327194D4C00F2ADCB /* Frameworks */,
				1823E0B427194D4C00F2ADCB /* Resources */,
				E3C4760714D95264478FAD87 /* [CP] Embed Pods Frameworks */,
			);
			buildRules = (
			);
			dependencies = (
			);
			name = TextEditingDemo;
			productName = TextEditingDemo;
			productReference = 1823E0B627194D4C00F2ADCB /* TextEditingDemo.app */;
			productType = "com.apple.product-type.application";
		};
		1870190A271E90B20008B9A0 /* AnimationDemo */ = {
			isa = PBXNativeTarget;
			buildConfigurationList = 1870191E271E90B30008B9A0 /* Build configuration list for PBXNativeTarget "AnimationDemo" */;
			buildPhases = (
				4143B0D07AD0626D32B1F43F /* [CP] Check Pods Manifest.lock */,
				18701907271E90B20008B9A0 /* Sources */,
				18701908271E90B20008B9A0 /* Frameworks */,
				18701909271E90B20008B9A0 /* Resources */,
				702F59A8D8F3C653EF05DF96 /* [CP] Embed Pods Frameworks */,
			);
			buildRules = (
			);
			dependencies = (
			);
			name = AnimationDemo;
			productName = AnimationDemo;
			productReference = 1870190B271E90B20008B9A0 /* AnimationDemo.app */;
			productType = "com.apple.product-type.application";
		};
		1884FA4F27463E3100DF684D /* ImageBrowerDemo */ = {
			isa = PBXNativeTarget;
			buildConfigurationList = 1884FA6327463E3300DF684D /* Build configuration list for PBXNativeTarget "ImageBrowerDemo" */;
			buildPhases = (
				BCF0A0CA7F106309D77774E4 /* [CP] Check Pods Manifest.lock */,
				1884FA4C27463E3100DF684D /* Sources */,
				1884FA4D27463E3100DF684D /* Frameworks */,
				1884FA4E27463E3100DF684D /* Resources */,
				231E353880C9A6B5C78E874E /* [CP] Embed Pods Frameworks */,
			);
			buildRules = (
			);
			dependencies = (
			);
			name = ImageBrowerDemo;
			productName = ImageBrowerDemo;
			productReference = 1884FA5027463E3100DF684D /* ImageBrowerDemo.app */;
			productType = "com.apple.product-type.application";
		};
/* End PBXNativeTarget section */

/* Begin PBXProject section */
		1813C1E725073D7900BDC530 /* Project object */ = {
			isa = PBXProject;
			attributes = {
				LastSwiftUpdateCheck = 1310;
				LastUpgradeCheck = 1200;
				ORGANIZATIONNAME = apple;
				TargetAttributes = {
					1813C1EE25073D7900BDC530 = {
						CreatedOnToolsVersion = 11.4;
						LastSwiftMigration = 1220;
					};
					1823E0B527194D4C00F2ADCB = {
						CreatedOnToolsVersion = 13.0;
					};
					1870190A271E90B20008B9A0 = {
						CreatedOnToolsVersion = 13.0;
					};
					1884FA4F27463E3100DF684D = {
						CreatedOnToolsVersion = 13.1;
					};
				};
			};
			buildConfigurationList = 1813C1EA25073D7900BDC530 /* Build configuration list for PBXProject "EventTest" */;
			compatibilityVersion = "Xcode 9.3";
			developmentRegion = en;
			hasScannedForEncodings = 0;
			knownRegions = (
				en,
				Base,
			);
			mainGroup = 1813C1E625073D7900BDC530;
			productRefGroup = 1813C1F025073D7900BDC530 /* Products */;
			projectDirPath = "";
			projectRoot = "";
			targets = (
				1813C1EE25073D7900BDC530 /* EventTest */,
				1823E0B527194D4C00F2ADCB /* TextEditingDemo */,
				1870190A271E90B20008B9A0 /* AnimationDemo */,
				1884FA4F27463E3100DF684D /* ImageBrowerDemo */,
			);
		};
/* End PBXProject section */

/* Begin PBXResourcesBuildPhase section */
		1813C1ED25073D7900BDC530 /* Resources */ = {
			isa = PBXResourcesBuildPhase;
			buildActionMask = 2147483647;
			files = (
				180B6EC6257F7D5F00CC03BB /* LaunchScreen.storyboard in Resources */,
				180B6E76257F7D5F00CC03BB /* Assets.xcassets in Resources */,
				182534FB25C93B3400449A91 /* README.md in Resources */,
				18B20B9825CD28B500B624FE /* bigImage.png in Resources */,
				18F5F5A92581CA3600C35490 /* README.txt in Resources */,
				180B6EC7257F7D5F00CC03BB /* Main.storyboard in Resources */,
			);
			runOnlyForDeploymentPostprocessing = 0;
		};
		1823E0B427194D4C00F2ADCB /* Resources */ = {
			isa = PBXResourcesBuildPhase;
			buildActionMask = 2147483647;
			files = (
				1823E0C527194D4E00F2ADCB /* LaunchScreen.storyboard in Resources */,
				1823E0C227194D4E00F2ADCB /* Assets.xcassets in Resources */,
				1823E0C027194D4C00F2ADCB /* Main.storyboard in Resources */,
			);
			runOnlyForDeploymentPostprocessing = 0;
		};
		18701909271E90B20008B9A0 /* Resources */ = {
			isa = PBXResourcesBuildPhase;
			buildActionMask = 2147483647;
			files = (
				1870191A271E90B30008B9A0 /* LaunchScreen.storyboard in Resources */,
				18701917271E90B30008B9A0 /* Assets.xcassets in Resources */,
				18701915271E90B20008B9A0 /* Main.storyboard in Resources */,
			);
			runOnlyForDeploymentPostprocessing = 0;
		};
		1884FA4E27463E3100DF684D /* Resources */ = {
			isa = PBXResourcesBuildPhase;
			buildActionMask = 2147483647;
			files = (
				1884FA5F27463E3300DF684D /* LaunchScreen.storyboard in Resources */,
				1884FA5C27463E3300DF684D /* Assets.xcassets in Resources */,
				1884FA5A27463E3100DF684D /* Main.storyboard in Resources */,
				1884FA652746414200DF684D /* girl.jpeg in Resources */,
			);
			runOnlyForDeploymentPostprocessing = 0;
		};
/* End PBXResourcesBuildPhase section */

/* Begin PBXShellScriptBuildPhase section */
		231E353880C9A6B5C78E874E /* [CP] Embed Pods Frameworks */ = {
			isa = PBXShellScriptBuildPhase;
			buildActionMask = 2147483647;
			files = (
			);
			inputFileListPaths = (
				"${PODS_ROOT}/Target Support Files/Pods-EventTest-ImageBrowerDemo/Pods-EventTest-ImageBrowerDemo-frameworks-${CONFIGURATION}-input-files.xcfilelist",
			);
			name = "[CP] Embed Pods Frameworks";
			outputFileListPaths = (
				"${PODS_ROOT}/Target Support Files/Pods-EventTest-ImageBrowerDemo/Pods-EventTest-ImageBrowerDemo-frameworks-${CONFIGURATION}-output-files.xcfilelist",
			);
			runOnlyForDeploymentPostprocessing = 0;
			shellPath = /bin/sh;
			shellScript = "\"${PODS_ROOT}/Target Support Files/Pods-EventTest-ImageBrowerDemo/Pods-EventTest-ImageBrowerDemo-frameworks.sh\"\n";
			showEnvVarsInLog = 0;
		};
		4143B0D07AD0626D32B1F43F /* [CP] Check Pods Manifest.lock */ = {
			isa = PBXShellScriptBuildPhase;
			buildActionMask = 2147483647;
			files = (
			);
			inputFileListPaths = (
			);
			inputPaths = (
				"${PODS_PODFILE_DIR_PATH}/Podfile.lock",
				"${PODS_ROOT}/Manifest.lock",
			);
			name = "[CP] Check Pods Manifest.lock";
			outputFileListPaths = (
			);
			outputPaths = (
				"$(DERIVED_FILE_DIR)/Pods-EventTest-AnimationDemo-checkManifestLockResult.txt",
			);
			runOnlyForDeploymentPostprocessing = 0;
			shellPath = /bin/sh;
			shellScript = "diff \"${PODS_PODFILE_DIR_PATH}/Podfile.lock\" \"${PODS_ROOT}/Manifest.lock\" > /dev/null\nif [ $? != 0 ] ; then\n    # print error to STDERR\n    echo \"error: The sandbox is not in sync with the Podfile.lock. Run 'pod install' or update your CocoaPods installation.\" >&2\n    exit 1\nfi\n# This output is used by Xcode 'outputs' to avoid re-running this script phase.\necho \"SUCCESS\" > \"${SCRIPT_OUTPUT_FILE_0}\"\n";
			showEnvVarsInLog = 0;
		};
		702F59A8D8F3C653EF05DF96 /* [CP] Embed Pods Frameworks */ = {
			isa = PBXShellScriptBuildPhase;
			buildActionMask = 2147483647;
			files = (
			);
			inputFileListPaths = (
				"${PODS_ROOT}/Target Support Files/Pods-EventTest-AnimationDemo/Pods-EventTest-AnimationDemo-frameworks-${CONFIGURATION}-input-files.xcfilelist",
			);
			name = "[CP] Embed Pods Frameworks";
			outputFileListPaths = (
				"${PODS_ROOT}/Target Support Files/Pods-EventTest-AnimationDemo/Pods-EventTest-AnimationDemo-frameworks-${CONFIGURATION}-output-files.xcfilelist",
			);
			runOnlyForDeploymentPostprocessing = 0;
			shellPath = /bin/sh;
			shellScript = "\"${PODS_ROOT}/Target Support Files/Pods-EventTest-AnimationDemo/Pods-EventTest-AnimationDemo-frameworks.sh\"\n";
			showEnvVarsInLog = 0;
		};
		B4ED73B3730E8CFE039049E8 /* [CP] Check Pods Manifest.lock */ = {
			isa = PBXShellScriptBuildPhase;
			buildActionMask = 2147483647;
			files = (
			);
			inputFileListPaths = (
			);
			inputPaths = (
				"${PODS_PODFILE_DIR_PATH}/Podfile.lock",
				"${PODS_ROOT}/Manifest.lock",
			);
			name = "[CP] Check Pods Manifest.lock";
			outputFileListPaths = (
			);
			outputPaths = (
				"$(DERIVED_FILE_DIR)/Pods-EventTest-checkManifestLockResult.txt",
			);
			runOnlyForDeploymentPostprocessing = 0;
			shellPath = /bin/sh;
			shellScript = "diff \"${PODS_PODFILE_DIR_PATH}/Podfile.lock\" \"${PODS_ROOT}/Manifest.lock\" > /dev/null\nif [ $? != 0 ] ; then\n    # print error to STDERR\n    echo \"error: The sandbox is not in sync with the Podfile.lock. Run 'pod install' or update your CocoaPods installation.\" >&2\n    exit 1\nfi\n# This output is used by Xcode 'outputs' to avoid re-running this script phase.\necho \"SUCCESS\" > \"${SCRIPT_OUTPUT_FILE_0}\"\n";
			showEnvVarsInLog = 0;
		};
		B821EDE9F77559B81965E7A3 /* [CP] Embed Pods Frameworks */ = {
			isa = PBXShellScriptBuildPhase;
			buildActionMask = 2147483647;
			files = (
			);
			inputFileListPaths = (
				"${PODS_ROOT}/Target Support Files/Pods-EventTest/Pods-EventTest-frameworks-${CONFIGURATION}-input-files.xcfilelist",
			);
			name = "[CP] Embed Pods Frameworks";
			outputFileListPaths = (
				"${PODS_ROOT}/Target Support Files/Pods-EventTest/Pods-EventTest-frameworks-${CONFIGURATION}-output-files.xcfilelist",
			);
			runOnlyForDeploymentPostprocessing = 0;
			shellPath = /bin/sh;
			shellScript = "\"${PODS_ROOT}/Target Support Files/Pods-EventTest/Pods-EventTest-frameworks.sh\"\n";
			showEnvVarsInLog = 0;
		};
		BCF0A0CA7F106309D77774E4 /* [CP] Check Pods Manifest.lock */ = {
			isa = PBXShellScriptBuildPhase;
			buildActionMask = 2147483647;
			files = (
			);
			inputFileListPaths = (
			);
			inputPaths = (
				"${PODS_PODFILE_DIR_PATH}/Podfile.lock",
				"${PODS_ROOT}/Manifest.lock",
			);
			name = "[CP] Check Pods Manifest.lock";
			outputFileListPaths = (
			);
			outputPaths = (
				"$(DERIVED_FILE_DIR)/Pods-EventTest-ImageBrowerDemo-checkManifestLockResult.txt",
			);
			runOnlyForDeploymentPostprocessing = 0;
			shellPath = /bin/sh;
			shellScript = "diff \"${PODS_PODFILE_DIR_PATH}/Podfile.lock\" \"${PODS_ROOT}/Manifest.lock\" > /dev/null\nif [ $? != 0 ] ; then\n    # print error to STDERR\n    echo \"error: The sandbox is not in sync with the Podfile.lock. Run 'pod install' or update your CocoaPods installation.\" >&2\n    exit 1\nfi\n# This output is used by Xcode 'outputs' to avoid re-running this script phase.\necho \"SUCCESS\" > \"${SCRIPT_OUTPUT_FILE_0}\"\n";
			showEnvVarsInLog = 0;
		};
		E3C4760714D95264478FAD87 /* [CP] Embed Pods Frameworks */ = {
			isa = PBXShellScriptBuildPhase;
			buildActionMask = 2147483647;
			files = (
			);
			inputFileListPaths = (
				"${PODS_ROOT}/Target Support Files/Pods-EventTest-TextEditingDemo/Pods-EventTest-TextEditingDemo-frameworks-${CONFIGURATION}-input-files.xcfilelist",
			);
			name = "[CP] Embed Pods Frameworks";
			outputFileListPaths = (
				"${PODS_ROOT}/Target Support Files/Pods-EventTest-TextEditingDemo/Pods-EventTest-TextEditingDemo-frameworks-${CONFIGURATION}-output-files.xcfilelist",
			);
			runOnlyForDeploymentPostprocessing = 0;
			shellPath = /bin/sh;
			shellScript = "\"${PODS_ROOT}/Target Support Files/Pods-EventTest-TextEditingDemo/Pods-EventTest-TextEditingDemo-frameworks.sh\"\n";
			showEnvVarsInLog = 0;
		};
		F8CD4CC24E47EFA101FD5BAE /* [CP] Check Pods Manifest.lock */ = {
			isa = PBXShellScriptBuildPhase;
			buildActionMask = 2147483647;
			files = (
			);
			inputFileListPaths = (
			);
			inputPaths = (
				"${PODS_PODFILE_DIR_PATH}/Podfile.lock",
				"${PODS_ROOT}/Manifest.lock",
			);
			name = "[CP] Check Pods Manifest.lock";
			outputFileListPaths = (
			);
			outputPaths = (
				"$(DERIVED_FILE_DIR)/Pods-EventTest-TextEditingDemo-checkManifestLockResult.txt",
			);
			runOnlyForDeploymentPostprocessing = 0;
			shellPath = /bin/sh;
			shellScript = "diff \"${PODS_PODFILE_DIR_PATH}/Podfile.lock\" \"${PODS_ROOT}/Manifest.lock\" > /dev/null\nif [ $? != 0 ] ; then\n    # print error to STDERR\n    echo \"error: The sandbox is not in sync with the Podfile.lock. Run 'pod install' or update your CocoaPods installation.\" >&2\n    exit 1\nfi\n# This output is used by Xcode 'outputs' to avoid re-running this script phase.\necho \"SUCCESS\" > \"${SCRIPT_OUTPUT_FILE_0}\"\n";
			showEnvVarsInLog = 0;
		};
/* End PBXShellScriptBuildPhase section */

/* Begin PBXSourcesBuildPhase section */
		1813C1EB25073D7900BDC530 /* Sources */ = {
			isa = PBXSourcesBuildPhase;
			buildActionMask = 2147483647;
			files = (
				180B6E78257F7D5F00CC03BB /* SearchDivied.swift in Sources */,
				180B6ECC257F7D5F00CC03BB /* MKMapView+Rx.swift in Sources */,
				180B6ED3257F7D5F00CC03BB /* SceneDelegate.swift in Sources */,
				18C59F1B25A2F471001374DA /* DissVC.swift in Sources */,
				18C59F0825A2E661001374DA /* DefaultPresentationController.swift in Sources */,
				180B6E74257F7D5F00CC03BB /* ThreadSafeTest.swift in Sources */,
				180B6EC9257F7D5F00CC03BB /* RxChangeUIStateVC.swift in Sources */,
				18B20B9D25CD28CA00B624FE /* ImageDrawTest.swift in Sources */,
				18F5F58E2581C7F500C35490 /* WxShareDemoVC.swift in Sources */,
				180B6ECE257F7D5F00CC03BB /* EONET.swift in Sources */,
				1802B74F25A57E56000320E1 /* DefaultAnimator.swift in Sources */,
				182388A525F8B24F00D78CC7 /* URLPathComponent.swift in Sources */,
				180D78FE27030340000B2C14 /* UserInfoRequest.swift in Sources */,
				180B6EC8257F7D5F00CC03BB /* Swift100Tips.swift in Sources */,
				180B6ECA257F7D5F00CC03BB /* CLLocationManager+Rx.swift in Sources */,
				1826357F25E4F78500BDE1D0 /* KeyValue.swift in Sources */,
				18C59F0725A2E661001374DA /* DefaultInteractiveController.swift in Sources */,
				18C59F1025A2E661001374DA /* TrastionDelegate.swift in Sources */,
				182C9D5925C009E600020E1C /* MemoryCacheManager.swift in Sources */,
				182534F325C9202800449A91 /* TelInputTest.swift in Sources */,
				180B6E77257F7D5F00CC03BB /* InitializerTest.swift in Sources */,
				181791DB259C6C45009BA40A /* NestedScrollDemoVC.swift in Sources */,
				180B6ED0257F7D5F00CC03BB /* YLLongPressDisplayView.swift in Sources */,
				187AF0A325C3D88500EF949D /* SecondCountDowner.swift in Sources */,
				187AF09D25C3D86400EF949D /* MainThreadStuckMonitor.swift in Sources */,
				1823889B25F8A5EB00D78CC7 /* Navigator.swift in Sources */,
				180D78F82702F5B9000B2C14 /* ModelCodable.swift in Sources */,
				18C59F0525A2E661001374DA /* UIViewController+CustomPresentation.swift in Sources */,
				1819156025E638EC0040736A /* PropertyWrapper.swift in Sources */,
				180B6ECD257F7D5F00CC03BB /* Weathear.swift in Sources */,
				180B6E72257F7D5F00CC03BB /* ViewController.swift in Sources */,
				187AF09B25C3D86400EF949D /* SafeTimer.swift in Sources */,
				187AF09E25C3D86400EF949D /* RunloopMonitor .swift in Sources */,
				18B0AACA25B7FEA000041BD3 /* SDWebImageCodeAnalyse.swift in Sources */,
				180B6ECF257F7D5F00CC03BB /* SwiftAdvance.swift in Sources */,
				180B6E73257F7D5F00CC03BB /* ScrollViewTest.swift in Sources */,
				18F5F5BA2581CF3C00C35490 /* WxApiManager.swift in Sources */,
				182388A025F8A69500D78CC7 /* URLMatcher.swift in Sources */,
				180B6ECB257F7D5F00CC03BB /* RxSwiftLearning.swift in Sources */,
				187AF09C25C3D86400EF949D /* PeriodicExecution.swift in Sources */,
				180D78FA2702F5B9000B2C14 /* Network2Protocols.swift in Sources */,
				1823888C25F8983A00D78CC7 /* URLConvertible.swift in Sources */,
				180B6ED1257F7D5F00CC03BB /* AppDelegate.swift in Sources */,
				180B6E79257F7D5F00CC03BB /* InitTest.swift in Sources */,
				180F440825AEDA500035ADD1 /* AsyncRender.swift in Sources */,
				1823889125F8A14500D78CC7 /* UIViewControllerType.swift in Sources */,
				180B6E6F257F7D5F00CC03BB /* AlamofireTest.swift in Sources */,
				180D78F72702F5B9000B2C14 /* Network2Client.swift in Sources */,
				18FECA7A258B41D80023CE70 /* Alogrithm.swift in Sources */,
				187AF0AC25C3DCA600EF949D /* PerfectLock.swift in Sources */,
				1823889625F8A1FE00D78CC7 /* NavigatorProtocol.swift in Sources */,
				180C41B325C1620500E07625 /* EvaluateExpressionParser.swift in Sources */,
				1868BD7525DF877F00D4E832 /* ImageDrawUtiles.swift in Sources */,
				180D78FC2702FC49000B2C14 /* LoginRequest.swift in Sources */,
			);
			runOnlyForDeploymentPostprocessing = 0;
		};
		1823E0B227194D4C00F2ADCB /* Sources */ = {
			isa = PBXSourcesBuildPhase;
			buildActionMask = 2147483647;
			files = (
				1823E0BD27194D4C00F2ADCB /* ViewController.swift in Sources */,
				182BEE3F271D3F0A0082120E /* Test.swift in Sources */,
				182815E8275DD872009878E2 /* InJectionHelper.swift in Sources */,
				1823E0B927194D4C00F2ADCB /* AppDelegate.swift in Sources */,
				1823E0BB27194D4C00F2ADCB /* SceneDelegate.swift in Sources */,
			);
			runOnlyForDeploymentPostprocessing = 0;
		};
		18701907271E90B20008B9A0 /* Sources */ = {
			isa = PBXSourcesBuildPhase;
			buildActionMask = 2147483647;
			files = (
				189E48F32726998000C4F31B /* SILTest.swift in Sources */,
				1869E98D277C513E00DCB738 /* ConstrantLayoutDemoView2.swift in Sources */,
				1841D1D7272007E800FBE743 /* ShapeAndLoadAnimDemoView.swift in Sources */,
				181D5640271FEC7F00CF75A8 /* LoadAnimDemoView.swift in Sources */,
				18701912271E90B20008B9A0 /* ViewController.swift in Sources */,
				18701924271EB2710008B9A0 /* AnimationKeyPath.swift in Sources */,
				181D563C271FB2B000CF75A8 /* RoundFadeDemoView.swift in Sources */,
				1869E98B277BFBDB00DCB738 /* ConstrantLayoutDemoView.swift in Sources */,
				181D5637271FAF9700CF75A8 /* UIColor+Ex.swift in Sources */,
				1880CBF727B0B4EF00845499 /* WuFuAnimationDemoView.swift in Sources */,
				1821031B2721341A00B3C1E5 /* CheckMarkAnimDemoView.swift in Sources */,
				181D563E271FE53F00CF75A8 /* CALayer+Animation.swift in Sources */,
				1870190E271E90B20008B9A0 /* AppDelegate.swift in Sources */,
				18DF52DB277D921D00D149B3 /* TEMPLATE.swift in Sources */,
				18701920271E914A0008B9A0 /* ChangePositionAndOpacityDemoView.swift in Sources */,
				1821031D2721401200B3C1E5 /* MaskFadeAnimationDemoView.swift in Sources */,
				18701922271EA6730008B9A0 /* AnimationDelegate.swift in Sources */,
				1825862127210AD600140784 /* LovingHeartAnimDemoView.swift in Sources */,
				1834C11E272689C400F16160 /* MaskShapeDemoView.swift in Sources */,
				18701910271E90B20008B9A0 /* SceneDelegate.swift in Sources */,
			);
			runOnlyForDeploymentPostprocessing = 0;
		};
		1884FA4C27463E3100DF684D /* Sources */ = {
			isa = PBXSourcesBuildPhase;
			buildActionMask = 2147483647;
			files = (
				1884FA5727463E3100DF684D /* ViewController.swift in Sources */,
				1884FA5327463E3100DF684D /* AppDelegate.swift in Sources */,
				1884FA5527463E3100DF684D /* SceneDelegate.swift in Sources */,
			);
			runOnlyForDeploymentPostprocessing = 0;
		};
/* End PBXSourcesBuildPhase section */

/* Begin PBXVariantGroup section */
		180B6E5B257F7D5F00CC03BB /* LaunchScreen.storyboard */ = {
			isa = PBXVariantGroup;
			children = (
				180B6E5C257F7D5F00CC03BB /* Base */,
			);
			name = LaunchScreen.storyboard;
			sourceTree = "<group>";
		};
		180B6E5D257F7D5F00CC03BB /* Main.storyboard */ = {
			isa = PBXVariantGroup;
			children = (
				180B6E5E257F7D5F00CC03BB /* Base */,
			);
			name = Main.storyboard;
			sourceTree = "<group>";
		};
		1823E0BE27194D4C00F2ADCB /* Main.storyboard */ = {
			isa = PBXVariantGroup;
			children = (
				1823E0BF27194D4C00F2ADCB /* Base */,
			);
			name = Main.storyboard;
			sourceTree = "<group>";
		};
		1823E0C327194D4E00F2ADCB /* LaunchScreen.storyboard */ = {
			isa = PBXVariantGroup;
			children = (
				1823E0C427194D4E00F2ADCB /* Base */,
			);
			name = LaunchScreen.storyboard;
			sourceTree = "<group>";
		};
		18701913271E90B20008B9A0 /* Main.storyboard */ = {
			isa = PBXVariantGroup;
			children = (
				18701914271E90B20008B9A0 /* Base */,
			);
			name = Main.storyboard;
			sourceTree = "<group>";
		};
		18701918271E90B30008B9A0 /* LaunchScreen.storyboard */ = {
			isa = PBXVariantGroup;
			children = (
				18701919271E90B30008B9A0 /* Base */,
			);
			name = LaunchScreen.storyboard;
			sourceTree = "<group>";
		};
		1884FA5827463E3100DF684D /* Main.storyboard */ = {
			isa = PBXVariantGroup;
			children = (
				1884FA5927463E3100DF684D /* Base */,
			);
			name = Main.storyboard;
			sourceTree = "<group>";
		};
		1884FA5D27463E3300DF684D /* LaunchScreen.storyboard */ = {
			isa = PBXVariantGroup;
			children = (
				1884FA5E27463E3300DF684D /* Base */,
			);
			name = LaunchScreen.storyboard;
			sourceTree = "<group>";
		};
/* End PBXVariantGroup section */

/* Begin XCBuildConfiguration section */
		1813C21725073D7B00BDC530 /* Debug */ = {
			isa = XCBuildConfiguration;
			buildSettings = {
				ALWAYS_SEARCH_USER_PATHS = NO;
				CLANG_ANALYZER_NONNULL = YES;
				CLANG_ANALYZER_NUMBER_OBJECT_CONVERSION = YES_AGGRESSIVE;
				CLANG_CXX_LANGUAGE_STANDARD = "gnu++14";
				CLANG_CXX_LIBRARY = "libc++";
				CLANG_ENABLE_MODULES = YES;
				CLANG_ENABLE_OBJC_ARC = YES;
				CLANG_ENABLE_OBJC_WEAK = YES;
				CLANG_WARN_BLOCK_CAPTURE_AUTORELEASING = YES;
				CLANG_WARN_BOOL_CONVERSION = YES;
				CLANG_WARN_COMMA = YES;
				CLANG_WARN_CONSTANT_CONVERSION = YES;
				CLANG_WARN_DEPRECATED_OBJC_IMPLEMENTATIONS = YES;
				CLANG_WARN_DIRECT_OBJC_ISA_USAGE = YES_ERROR;
				CLANG_WARN_DOCUMENTATION_COMMENTS = YES;
				CLANG_WARN_EMPTY_BODY = YES;
				CLANG_WARN_ENUM_CONVERSION = YES;
				CLANG_WARN_INFINITE_RECURSION = YES;
				CLANG_WARN_INT_CONVERSION = YES;
				CLANG_WARN_NON_LITERAL_NULL_CONVERSION = YES;
				CLANG_WARN_OBJC_IMPLICIT_RETAIN_SELF = YES;
				CLANG_WARN_OBJC_LITERAL_CONVERSION = YES;
				CLANG_WARN_OBJC_ROOT_CLASS = YES_ERROR;
				CLANG_WARN_QUOTED_INCLUDE_IN_FRAMEWORK_HEADER = YES;
				CLANG_WARN_RANGE_LOOP_ANALYSIS = YES;
				CLANG_WARN_STRICT_PROTOTYPES = YES;
				CLANG_WARN_SUSPICIOUS_MOVE = YES;
				CLANG_WARN_UNGUARDED_AVAILABILITY = YES_AGGRESSIVE;
				CLANG_WARN_UNREACHABLE_CODE = YES;
				CLANG_WARN__DUPLICATE_METHOD_MATCH = YES;
				COPY_PHASE_STRIP = NO;
				DEBUG_INFORMATION_FORMAT = dwarf;
				ENABLE_STRICT_OBJC_MSGSEND = YES;
				ENABLE_TESTABILITY = YES;
				GCC_C_LANGUAGE_STANDARD = gnu11;
				GCC_DYNAMIC_NO_PIC = NO;
				GCC_NO_COMMON_BLOCKS = YES;
				GCC_OPTIMIZATION_LEVEL = 0;
				GCC_PREPROCESSOR_DEFINITIONS = (
					"DEBUG=1",
					"$(inherited)",
				);
				GCC_WARN_64_TO_32_BIT_CONVERSION = YES;
				GCC_WARN_ABOUT_RETURN_TYPE = YES_ERROR;
				GCC_WARN_UNDECLARED_SELECTOR = YES;
				GCC_WARN_UNINITIALIZED_AUTOS = YES_AGGRESSIVE;
				GCC_WARN_UNUSED_FUNCTION = YES;
				GCC_WARN_UNUSED_VARIABLE = YES;
				IPHONEOS_DEPLOYMENT_TARGET = 13.4;
				MTL_ENABLE_DEBUG_INFO = INCLUDE_SOURCE;
				MTL_FAST_MATH = YES;
				ONLY_ACTIVE_ARCH = YES;
				SDKROOT = iphoneos;
				SWIFT_ACTIVE_COMPILATION_CONDITIONS = DEBUG;
				SWIFT_OPTIMIZATION_LEVEL = "-Onone";
			};
			name = Debug;
		};
		1813C21825073D7B00BDC530 /* Release */ = {
			isa = XCBuildConfiguration;
			buildSettings = {
				ALWAYS_SEARCH_USER_PATHS = NO;
				CLANG_ANALYZER_NONNULL = YES;
				CLANG_ANALYZER_NUMBER_OBJECT_CONVERSION = YES_AGGRESSIVE;
				CLANG_CXX_LANGUAGE_STANDARD = "gnu++14";
				CLANG_CXX_LIBRARY = "libc++";
				CLANG_ENABLE_MODULES = YES;
				CLANG_ENABLE_OBJC_ARC = YES;
				CLANG_ENABLE_OBJC_WEAK = YES;
				CLANG_WARN_BLOCK_CAPTURE_AUTORELEASING = YES;
				CLANG_WARN_BOOL_CONVERSION = YES;
				CLANG_WARN_COMMA = YES;
				CLANG_WARN_CONSTANT_CONVERSION = YES;
				CLANG_WARN_DEPRECATED_OBJC_IMPLEMENTATIONS = YES;
				CLANG_WARN_DIRECT_OBJC_ISA_USAGE = YES_ERROR;
				CLANG_WARN_DOCUMENTATION_COMMENTS = YES;
				CLANG_WARN_EMPTY_BODY = YES;
				CLANG_WARN_ENUM_CONVERSION = YES;
				CLANG_WARN_INFINITE_RECURSION = YES;
				CLANG_WARN_INT_CONVERSION = YES;
				CLANG_WARN_NON_LITERAL_NULL_CONVERSION = YES;
				CLANG_WARN_OBJC_IMPLICIT_RETAIN_SELF = YES;
				CLANG_WARN_OBJC_LITERAL_CONVERSION = YES;
				CLANG_WARN_OBJC_ROOT_CLASS = YES_ERROR;
				CLANG_WARN_QUOTED_INCLUDE_IN_FRAMEWORK_HEADER = YES;
				CLANG_WARN_RANGE_LOOP_ANALYSIS = YES;
				CLANG_WARN_STRICT_PROTOTYPES = YES;
				CLANG_WARN_SUSPICIOUS_MOVE = YES;
				CLANG_WARN_UNGUARDED_AVAILABILITY = YES_AGGRESSIVE;
				CLANG_WARN_UNREACHABLE_CODE = YES;
				CLANG_WARN__DUPLICATE_METHOD_MATCH = YES;
				COPY_PHASE_STRIP = NO;
				DEBUG_INFORMATION_FORMAT = "dwarf-with-dsym";
				ENABLE_NS_ASSERTIONS = NO;
				ENABLE_STRICT_OBJC_MSGSEND = YES;
				GCC_C_LANGUAGE_STANDARD = gnu11;
				GCC_NO_COMMON_BLOCKS = YES;
				GCC_WARN_64_TO_32_BIT_CONVERSION = YES;
				GCC_WARN_ABOUT_RETURN_TYPE = YES_ERROR;
				GCC_WARN_UNDECLARED_SELECTOR = YES;
				GCC_WARN_UNINITIALIZED_AUTOS = YES_AGGRESSIVE;
				GCC_WARN_UNUSED_FUNCTION = YES;
				GCC_WARN_UNUSED_VARIABLE = YES;
				IPHONEOS_DEPLOYMENT_TARGET = 13.4;
				MTL_ENABLE_DEBUG_INFO = NO;
				MTL_FAST_MATH = YES;
				SDKROOT = iphoneos;
				SWIFT_COMPILATION_MODE = wholemodule;
				SWIFT_OPTIMIZATION_LEVEL = "-O";
				VALIDATE_PRODUCT = YES;
			};
			name = Release;
		};
		1813C21A25073D7B00BDC530 /* Debug */ = {
			isa = XCBuildConfiguration;
			baseConfigurationReference = 17EB0110E4B3B257190932E3 /* Pods-EventTest.debug.xcconfig */;
			buildSettings = {
				ASSETCATALOG_COMPILER_APPICON_NAME = AppIcon;
				CLANG_ENABLE_MODULES = YES;
				CODE_SIGN_ENTITLEMENTS = EventTest/EventTest.entitlements;
				CODE_SIGN_STYLE = Automatic;
				DEVELOPMENT_TEAM = 5KB58A6G2C;
				INFOPLIST_FILE = EventTest/Info.plist;
				IPHONEOS_DEPLOYMENT_TARGET = 10.0;
				LD_RUNPATH_SEARCH_PATHS = (
					"$(inherited)",
					"@executable_path/Frameworks",
				);
				LIBRARY_SEARCH_PATHS = (
					"$(inherited)",
					"$(PROJECT_DIR)/EventTest/OpenSDK1.8.7.1",
				);
				OTHER_LDFLAGS = (
					"$(inherited)",
					"-l\"c++\"",
					"-l\"z\"",
					"-framework",
					"\"Alamofire\"",
					"-framework",
					"\"CFNetwork\"",
					"-framework",
					"\"ImageIO\"",
					"-framework",
					"\"RxCocoa\"",
					"-framework",
					"\"RxRelay\"",
					"-framework",
					"\"RxSwift\"",
					"-framework",
					"\"SDWebImage\"",
					"-framework",
					"\"Security\"",
					"-framework",
					"\"SnapKit\"",
					"-Objc",
					"-all_load",
				);
				OTHER_LIBTOOLFLAGS = "";
				PRODUCT_BUNDLE_IDENTIFIER = "com.ifeng-tech.-NestedScrollTest.EventTest";
				PRODUCT_NAME = "$(TARGET_NAME)";
				SUPPORTS_MACCATALYST = NO;
				SWIFT_OBJC_BRIDGING_HEADER = "EventTest/EventTest-Bridging-Header.h";
				SWIFT_OPTIMIZATION_LEVEL = "-Onone";
				SWIFT_VERSION = 5.0;
				TARGETED_DEVICE_FAMILY = 1;
			};
			name = Debug;
		};
		1813C21B25073D7B00BDC530 /* Release */ = {
			isa = XCBuildConfiguration;
			baseConfigurationReference = C60452CEB92F5AB922B3C5C4 /* Pods-EventTest.release.xcconfig */;
			buildSettings = {
				ASSETCATALOG_COMPILER_APPICON_NAME = AppIcon;
				CLANG_ENABLE_MODULES = YES;
				CODE_SIGN_ENTITLEMENTS = EventTest/EventTest.entitlements;
				CODE_SIGN_STYLE = Automatic;
				DEVELOPMENT_TEAM = 5KB58A6G2C;
				INFOPLIST_FILE = EventTest/Info.plist;
				IPHONEOS_DEPLOYMENT_TARGET = 10.0;
				LD_RUNPATH_SEARCH_PATHS = (
					"$(inherited)",
					"@executable_path/Frameworks",
				);
				LIBRARY_SEARCH_PATHS = (
					"$(inherited)",
					"$(PROJECT_DIR)/EventTest/OpenSDK1.8.7.1",
				);
				OTHER_LDFLAGS = (
					"$(inherited)",
					"-l\"c++\"",
					"-l\"z\"",
					"-framework",
					"\"Alamofire\"",
					"-framework",
					"\"CFNetwork\"",
					"-framework",
					"\"ImageIO\"",
					"-framework",
					"\"RxCocoa\"",
					"-framework",
					"\"RxRelay\"",
					"-framework",
					"\"RxSwift\"",
					"-framework",
					"\"SDWebImage\"",
					"-framework",
					"\"Security\"",
					"-framework",
					"\"SnapKit\"",
					"-Objc",
					"-all_load",
				);
				OTHER_LIBTOOLFLAGS = "";
				PRODUCT_BUNDLE_IDENTIFIER = "com.ifeng-tech.-NestedScrollTest.EventTest";
				PRODUCT_NAME = "$(TARGET_NAME)";
				SUPPORTS_MACCATALYST = NO;
				SWIFT_OBJC_BRIDGING_HEADER = "EventTest/EventTest-Bridging-Header.h";
				SWIFT_VERSION = 5.0;
				TARGETED_DEVICE_FAMILY = 1;
			};
			name = Release;
		};
		1823E0C727194D4E00F2ADCB /* Debug */ = {
			isa = XCBuildConfiguration;
			baseConfigurationReference = EE922B8DB4819E3F0D0BFBE3 /* Pods-EventTest-TextEditingDemo.debug.xcconfig */;
			buildSettings = {
				ASSETCATALOG_COMPILER_APPICON_NAME = AppIcon;
				ASSETCATALOG_COMPILER_GLOBAL_ACCENT_COLOR_NAME = AccentColor;
				CLANG_CXX_LANGUAGE_STANDARD = "gnu++17";
				CODE_SIGN_STYLE = Automatic;
				CURRENT_PROJECT_VERSION = 1;
				DEVELOPMENT_TEAM = 5KB58A6G2C;
				GENERATE_INFOPLIST_FILE = YES;
				INFOPLIST_FILE = TextEditingDemo/Info.plist;
				INFOPLIST_KEY_UIApplicationSupportsIndirectInputEvents = YES;
				INFOPLIST_KEY_UILaunchStoryboardName = LaunchScreen;
				INFOPLIST_KEY_UIMainStoryboardFile = Main;
				INFOPLIST_KEY_UISupportedInterfaceOrientations_iPad = "UIInterfaceOrientationPortrait UIInterfaceOrientationPortraitUpsideDown UIInterfaceOrientationLandscapeLeft UIInterfaceOrientationLandscapeRight";
				INFOPLIST_KEY_UISupportedInterfaceOrientations_iPhone = "UIInterfaceOrientationPortrait UIInterfaceOrientationLandscapeLeft UIInterfaceOrientationLandscapeRight";
				IPHONEOS_DEPLOYMENT_TARGET = 15.0;
				LD_RUNPATH_SEARCH_PATHS = (
					"$(inherited)",
					"@executable_path/Frameworks",
				);
				MARKETING_VERSION = 1.0;
				PRODUCT_BUNDLE_IDENTIFIER = "com.ifeng-tech.ddd.TextEditingDemo";
				PRODUCT_NAME = "$(TARGET_NAME)";
				SWIFT_EMIT_LOC_STRINGS = YES;
				SWIFT_VERSION = 5.0;
				TARGETED_DEVICE_FAMILY = "1,2";
			};
			name = Debug;
		};
		1823E0C827194D4E00F2ADCB /* Release */ = {
			isa = XCBuildConfiguration;
			baseConfigurationReference = DC99BF08524E2398E46F5A7E /* Pods-EventTest-TextEditingDemo.release.xcconfig */;
			buildSettings = {
				ASSETCATALOG_COMPILER_APPICON_NAME = AppIcon;
				ASSETCATALOG_COMPILER_GLOBAL_ACCENT_COLOR_NAME = AccentColor;
				CLANG_CXX_LANGUAGE_STANDARD = "gnu++17";
				CODE_SIGN_STYLE = Automatic;
				CURRENT_PROJECT_VERSION = 1;
				DEVELOPMENT_TEAM = 5KB58A6G2C;
				GENERATE_INFOPLIST_FILE = YES;
				INFOPLIST_FILE = TextEditingDemo/Info.plist;
				INFOPLIST_KEY_UIApplicationSupportsIndirectInputEvents = YES;
				INFOPLIST_KEY_UILaunchStoryboardName = LaunchScreen;
				INFOPLIST_KEY_UIMainStoryboardFile = Main;
				INFOPLIST_KEY_UISupportedInterfaceOrientations_iPad = "UIInterfaceOrientationPortrait UIInterfaceOrientationPortraitUpsideDown UIInterfaceOrientationLandscapeLeft UIInterfaceOrientationLandscapeRight";
				INFOPLIST_KEY_UISupportedInterfaceOrientations_iPhone = "UIInterfaceOrientationPortrait UIInterfaceOrientationLandscapeLeft UIInterfaceOrientationLandscapeRight";
				IPHONEOS_DEPLOYMENT_TARGET = 15.0;
				LD_RUNPATH_SEARCH_PATHS = (
					"$(inherited)",
					"@executable_path/Frameworks",
				);
				MARKETING_VERSION = 1.0;
				PRODUCT_BUNDLE_IDENTIFIER = "com.ifeng-tech.ddd.TextEditingDemo";
				PRODUCT_NAME = "$(TARGET_NAME)";
				SWIFT_EMIT_LOC_STRINGS = YES;
				SWIFT_VERSION = 5.0;
				TARGETED_DEVICE_FAMILY = "1,2";
			};
			name = Release;
		};
		1870191C271E90B30008B9A0 /* Debug */ = {
			isa = XCBuildConfiguration;
			baseConfigurationReference = 898F5E51D4CCAF720386A413 /* Pods-EventTest-AnimationDemo.debug.xcconfig */;
			buildSettings = {
				ASSETCATALOG_COMPILER_APPICON_NAME = AppIcon;
				ASSETCATALOG_COMPILER_GLOBAL_ACCENT_COLOR_NAME = AccentColor;
				CLANG_CXX_LANGUAGE_STANDARD = "gnu++17";
				CODE_SIGN_ENTITLEMENTS = AnimationDemo/AnimationDemo.entitlements;
				CODE_SIGN_STYLE = Automatic;
				CURRENT_PROJECT_VERSION = 1;
				DEVELOPMENT_TEAM = 5KB58A6G2C;
				GENERATE_INFOPLIST_FILE = YES;
				INFOPLIST_FILE = AnimationDemo/Info.plist;
				INFOPLIST_KEY_UIApplicationSupportsIndirectInputEvents = YES;
				INFOPLIST_KEY_UILaunchStoryboardName = LaunchScreen;
				INFOPLIST_KEY_UIMainStoryboardFile = Main;
				INFOPLIST_KEY_UISupportedInterfaceOrientations_iPad = "UIInterfaceOrientationPortrait UIInterfaceOrientationPortraitUpsideDown UIInterfaceOrientationLandscapeLeft UIInterfaceOrientationLandscapeRight";
				INFOPLIST_KEY_UISupportedInterfaceOrientations_iPhone = "UIInterfaceOrientationPortrait UIInterfaceOrientationLandscapeLeft UIInterfaceOrientationLandscapeRight";
				IPHONEOS_DEPLOYMENT_TARGET = 13.0;
				LD_RUNPATH_SEARCH_PATHS = (
					"$(inherited)",
					"@executable_path/Frameworks",
				);
				MARKETING_VERSION = 1.0;
				PRODUCT_BUNDLE_IDENTIFIER = "com.ifeng-tech.ddd.AnimationDemo";
				PRODUCT_NAME = "$(TARGET_NAME)";
				SWIFT_EMIT_LOC_STRINGS = YES;
				SWIFT_VERSION = 5.0;
				TARGETED_DEVICE_FAMILY = "1,2";
			};
			name = Debug;
		};
		1870191D271E90B30008B9A0 /* Release */ = {
			isa = XCBuildConfiguration;
			baseConfigurationReference = BEA4A3BBAB7B343F30422EFA /* Pods-EventTest-AnimationDemo.release.xcconfig */;
			buildSettings = {
				ASSETCATALOG_COMPILER_APPICON_NAME = AppIcon;
				ASSETCATALOG_COMPILER_GLOBAL_ACCENT_COLOR_NAME = AccentColor;
				CLANG_CXX_LANGUAGE_STANDARD = "gnu++17";
				CODE_SIGN_ENTITLEMENTS = AnimationDemo/AnimationDemo.entitlements;
				CODE_SIGN_STYLE = Automatic;
				CURRENT_PROJECT_VERSION = 1;
				DEVELOPMENT_TEAM = 5KB58A6G2C;
				GENERATE_INFOPLIST_FILE = YES;
				INFOPLIST_FILE = AnimationDemo/Info.plist;
				INFOPLIST_KEY_UIApplicationSupportsIndirectInputEvents = YES;
				INFOPLIST_KEY_UILaunchStoryboardName = LaunchScreen;
				INFOPLIST_KEY_UIMainStoryboardFile = Main;
				INFOPLIST_KEY_UISupportedInterfaceOrientations_iPad = "UIInterfaceOrientationPortrait UIInterfaceOrientationPortraitUpsideDown UIInterfaceOrientationLandscapeLeft UIInterfaceOrientationLandscapeRight";
				INFOPLIST_KEY_UISupportedInterfaceOrientations_iPhone = "UIInterfaceOrientationPortrait UIInterfaceOrientationLandscapeLeft UIInterfaceOrientationLandscapeRight";
				IPHONEOS_DEPLOYMENT_TARGET = 13.0;
				LD_RUNPATH_SEARCH_PATHS = (
					"$(inherited)",
					"@executable_path/Frameworks",
				);
				MARKETING_VERSION = 1.0;
				PRODUCT_BUNDLE_IDENTIFIER = "com.ifeng-tech.ddd.AnimationDemo";
				PRODUCT_NAME = "$(TARGET_NAME)";
				SWIFT_EMIT_LOC_STRINGS = YES;
				SWIFT_VERSION = 5.0;
				TARGETED_DEVICE_FAMILY = "1,2";
			};
			name = Release;
		};
		1884FA6127463E3300DF684D /* Debug */ = {
			isa = XCBuildConfiguration;
			baseConfigurationReference = DA963E04A2538B9589DAED01 /* Pods-EventTest-ImageBrowerDemo.debug.xcconfig */;
			buildSettings = {
				ASSETCATALOG_COMPILER_APPICON_NAME = AppIcon;
				ASSETCATALOG_COMPILER_GLOBAL_ACCENT_COLOR_NAME = AccentColor;
				CLANG_CXX_LANGUAGE_STANDARD = "gnu++17";
				CODE_SIGN_STYLE = Automatic;
				CURRENT_PROJECT_VERSION = 1;
				DEVELOPMENT_TEAM = 5KB58A6G2C;
				GENERATE_INFOPLIST_FILE = YES;
				INFOPLIST_FILE = ImageBrowerDemo/Info.plist;
				INFOPLIST_KEY_UIApplicationSupportsIndirectInputEvents = YES;
				INFOPLIST_KEY_UILaunchStoryboardName = LaunchScreen;
				INFOPLIST_KEY_UIMainStoryboardFile = Main;
				INFOPLIST_KEY_UISupportedInterfaceOrientations_iPad = "UIInterfaceOrientationPortrait UIInterfaceOrientationPortraitUpsideDown UIInterfaceOrientationLandscapeLeft UIInterfaceOrientationLandscapeRight";
				INFOPLIST_KEY_UISupportedInterfaceOrientations_iPhone = "UIInterfaceOrientationPortrait UIInterfaceOrientationLandscapeLeft UIInterfaceOrientationLandscapeRight";
				IPHONEOS_DEPLOYMENT_TARGET = 15.0;
				LD_RUNPATH_SEARCH_PATHS = (
					"$(inherited)",
					"@executable_path/Frameworks",
				);
				MARKETING_VERSION = 1.0;
				PRODUCT_BUNDLE_IDENTIFIER = "com.ifeng-tech.ddd.ImageBrowerDemo";
				PRODUCT_NAME = "$(TARGET_NAME)";
				SWIFT_EMIT_LOC_STRINGS = YES;
				SWIFT_VERSION = 5.0;
				TARGETED_DEVICE_FAMILY = "1,2";
			};
			name = Debug;
		};
		1884FA6227463E3300DF684D /* Release */ = {
			isa = XCBuildConfiguration;
			baseConfigurationReference = 620603C7F60AB68EB6BFF232 /* Pods-EventTest-ImageBrowerDemo.release.xcconfig */;
			buildSettings = {
				ASSETCATALOG_COMPILER_APPICON_NAME = AppIcon;
				ASSETCATALOG_COMPILER_GLOBAL_ACCENT_COLOR_NAME = AccentColor;
				CLANG_CXX_LANGUAGE_STANDARD = "gnu++17";
				CODE_SIGN_STYLE = Automatic;
				CURRENT_PROJECT_VERSION = 1;
				DEVELOPMENT_TEAM = 5KB58A6G2C;
				GENERATE_INFOPLIST_FILE = YES;
				INFOPLIST_FILE = ImageBrowerDemo/Info.plist;
				INFOPLIST_KEY_UIApplicationSupportsIndirectInputEvents = YES;
				INFOPLIST_KEY_UILaunchStoryboardName = LaunchScreen;
				INFOPLIST_KEY_UIMainStoryboardFile = Main;
				INFOPLIST_KEY_UISupportedInterfaceOrientations_iPad = "UIInterfaceOrientationPortrait UIInterfaceOrientationPortraitUpsideDown UIInterfaceOrientationLandscapeLeft UIInterfaceOrientationLandscapeRight";
				INFOPLIST_KEY_UISupportedInterfaceOrientations_iPhone = "UIInterfaceOrientationPortrait UIInterfaceOrientationLandscapeLeft UIInterfaceOrientationLandscapeRight";
				IPHONEOS_DEPLOYMENT_TARGET = 15.0;
				LD_RUNPATH_SEARCH_PATHS = (
					"$(inherited)",
					"@executable_path/Frameworks",
				);
				MARKETING_VERSION = 1.0;
				PRODUCT_BUNDLE_IDENTIFIER = "com.ifeng-tech.ddd.ImageBrowerDemo";
				PRODUCT_NAME = "$(TARGET_NAME)";
				SWIFT_EMIT_LOC_STRINGS = YES;
				SWIFT_VERSION = 5.0;
				TARGETED_DEVICE_FAMILY = "1,2";
			};
			name = Release;
		};
/* End XCBuildConfiguration section */

/* Begin XCConfigurationList section */
		1813C1EA25073D7900BDC530 /* Build configuration list for PBXProject "EventTest" */ = {
			isa = XCConfigurationList;
			buildConfigurations = (
				1813C21725073D7B00BDC530 /* Debug */,
				1813C21825073D7B00BDC530 /* Release */,
			);
			defaultConfigurationIsVisible = 0;
			defaultConfigurationName = Release;
		};
		1813C21925073D7B00BDC530 /* Build configuration list for PBXNativeTarget "EventTest" */ = {
			isa = XCConfigurationList;
			buildConfigurations = (
				1813C21A25073D7B00BDC530 /* Debug */,
				1813C21B25073D7B00BDC530 /* Release */,
			);
			defaultConfigurationIsVisible = 0;
			defaultConfigurationName = Release;
		};
		1823E0C927194D4E00F2ADCB /* Build configuration list for PBXNativeTarget "TextEditingDemo" */ = {
			isa = XCConfigurationList;
			buildConfigurations = (
				1823E0C727194D4E00F2ADCB /* Debug */,
				1823E0C827194D4E00F2ADCB /* Release */,
			);
			defaultConfigurationIsVisible = 0;
			defaultConfigurationName = Release;
		};
		1870191E271E90B30008B9A0 /* Build configuration list for PBXNativeTarget "AnimationDemo" */ = {
			isa = XCConfigurationList;
			buildConfigurations = (
				1870191C271E90B30008B9A0 /* Debug */,
				1870191D271E90B30008B9A0 /* Release */,
			);
			defaultConfigurationIsVisible = 0;
			defaultConfigurationName = Release;
		};
		1884FA6327463E3300DF684D /* Build configuration list for PBXNativeTarget "ImageBrowerDemo" */ = {
			isa = XCConfigurationList;
			buildConfigurations = (
				1884FA6127463E3300DF684D /* Debug */,
				1884FA6227463E3300DF684D /* Release */,
			);
			defaultConfigurationIsVisible = 0;
			defaultConfigurationName = Release;
		};
/* End XCConfigurationList section */
	};
	rootObject = 1813C1E725073D7900BDC530 /* Project object */;
}
